// !$*UTF8*$!
{
	archiveVersion = 1;
	classes = {
	};
	objectVersion = 110;
	objects = {

/* Begin PBXBuildFile section */
		1F0255C9D0378DEB06FB8624 /* Collections in Frameworks */ = {isa = PBXBuildFile; productRef = 1B9161C4D0ADDA564874EC56 /* Collections */; };
		667227E3FF9FDBC3F301DEB5 /* Defaults in Frameworks */ = {isa = PBXBuildFile; productRef = 0A35628AA16E912868CECFF2 /* Defaults */; };
		A1641DD2306AD62C004824F1 /* ComposerKit.framework in Frameworks */ = {isa = PBXBuildFile; fileRef = A1641DCE306AD62C004824F1 /* ComposerKit.framework */; };
		A1641DD4306AD62C004824F1 /* FolioKit.framework in Frameworks */ = {isa = PBXBuildFile; fileRef = A1641DCF306AD62C004824F1 /* FolioKit.framework */; };
		A1641DD6306AD62C004824F1 /* ResearchKit.framework in Frameworks */ = {isa = PBXBuildFile; fileRef = A1641DD0306AD62C004824F1 /* ResearchKit.framework */; };
		A1641DD8306AD62C004824F1 /* WriteKit.framework in Frameworks */ = {isa = PBXBuildFile; fileRef = A1641DD1306AD62C004824F1 /* WriteKit.framework */; };
		A1CCD2F73057449E004B4721 /* ComposerXPCService.xpc in Embed XPC Services */ = {isa = PBXBuildFile; fileRef = A1CCD2EC3057449E004B4721 /* ComposerXPCService.xpc */; settings = {ATTRIBUTES = (RemoveHeadersOnCopy, ); }; };
		A1CCD31C3057456F004B4721 /* FolioKit.framework in Frameworks */ = {isa = PBXBuildFile; fileRef = A15AE2AC3057248F001B9E7B /* FolioKit.framework */; };
		BFBE1F4EC8B0B51BD2B99ABA /* Algorithms in Frameworks */ = {isa = PBXBuildFile; productRef = 590E964BFEB676152814A003 /* Algorithms */; };
/* End PBXBuildFile section */

/* Begin PBXContainerItemProxy section */
		A15AE26A3057244C001B9E7B /* PBXContainerItemProxy */ = {
			isa = PBXContainerItemProxy;
			containerPortal = A15AE2463057244C001B9E7B /* Project object */;
			proxyType = 1;
			remoteGlobalIDString = A15AE24D3057244C001B9E7B;
			remoteInfo = Composer;
		};
		A15AE2743057244D001B9E7B /* PBXContainerItemProxy */ = {
			isa = PBXContainerItemProxy;
			containerPortal = A15AE2463057244C001B9E7B /* Project object */;
			proxyType = 1;
			remoteGlobalIDString = A15AE24D3057244C001B9E7B;
			remoteInfo = Composer;
		};
		A1CCD2F53057449E004B4721 /* PBXContainerItemProxy */ = {
			isa = PBXContainerItemProxy;
			containerPortal = A15AE2463057244C001B9E7B /* Project object */;
			proxyType = 1;
			remoteGlobalIDString = A1CCD2EB3057449E004B4721;
			remoteInfo = ComposerXPCService;
		};
/* End PBXContainerItemProxy section */

/* Begin PBXCopyFilesBuildPhase section */
		A1CCD2F83057449E004B4721 /* Embed XPC Services */ = {
			isa = PBXCopyFilesBuildPhase;
			dstPath = "$(CONTENTS_FOLDER_PATH)/XPCServices";
			dstSubfolder = Product;
			files = (
				A1CCD2F73057449E004B4721 /* ComposerXPCService.xpc in Embed XPC Services */,
			);
			name = "Embed XPC Services";
		};
/* End PBXCopyFilesBuildPhase section */

/* Begin PBXFileReference section */
		A15AE24E3057244C001B9E7B /* Composer.app */ = {isa = PBXFileReference; explicitFileType = wrapper.application; includeInIndex = 0; path = Composer.app; sourceTree = BUILT_PRODUCTS_DIR; };
		A15AE2693057244C001B9E7B /* ComposerTests.xctest */ = {isa = PBXFileReference; explicitFileType = wrapper.cfbundle; includeInIndex = 0; path = ComposerTests.xctest; sourceTree = BUILT_PRODUCTS_DIR; };
		A15AE2733057244D001B9E7B /* ComposerUITests.xctest */ = {isa = PBXFileReference; explicitFileType = wrapper.cfbundle; includeInIndex = 0; path = ComposerUITests.xctest; sourceTree = BUILT_PRODUCTS_DIR; };
		A15AE2AC3057248F001B9E7B /* FolioKit.framework */ = {isa = PBXFileReference; explicitFileType = wrapper.framework; path = FolioKit.framework; sourceTree = BUILT_PRODUCTS_DIR; };
		A15AE2DF30572AF4001B9E7B /* Project.xcconfig */ = {isa = PBXFileReference; lastKnownFileType = text.xcconfig; path = Project.xcconfig; sourceTree = "<group>"; };
		A1641DCE306AD62C004824F1 /* ComposerKit.framework */ = {isa = PBXFileReference; explicitFileType = wrapper.framework; path = ComposerKit.framework; sourceTree = BUILT_PRODUCTS_DIR; };
		A1641DCF306AD62C004824F1 /* FolioKit.framework */ = {isa = PBXFileReference; explicitFileType = wrapper.framework; path = FolioKit.framework; sourceTree = BUILT_PRODUCTS_DIR; };
		A1641DD0306AD62C004824F1 /* ResearchKit.framework */ = {isa = PBXFileReference; explicitFileType = wrapper.framework; path = ResearchKit.framework; sourceTree = BUILT_PRODUCTS_DIR; };
		A1641DD1306AD62C004824F1 /* WriteKit.framework */ = {isa = PBXFileReference; explicitFileType = wrapper.framework; path = WriteKit.framework; sourceTree = BUILT_PRODUCTS_DIR; };
		A1CCD2EC3057449E004B4721 /* ComposerXPCService.xpc */ = {isa = PBXFileReference; explicitFileType = "wrapper.xpc-service"; includeInIndex = 0; path = ComposerXPCService.xpc; sourceTree = BUILT_PRODUCTS_DIR; };
/* End PBXFileReference section */

/* Begin PBXFileSystemSynchronizedBuildFileExceptionSet section */
		A15AE27B3057244D001B9E7B /* Exceptions for "Composer" folder in "Composer" target */ = {
			isa = PBXFileSystemSynchronizedBuildFileExceptionSet;
			membershipExceptions = (
				Info.plist,
			);
			target = A15AE24D3057244C001B9E7B /* Composer */;
		};
		A1CCD2FC3057449E004B4721 /* Exceptions for "ComposerXPCService" folder in "ComposerXPCService" target */ = {
			isa = PBXFileSystemSynchronizedBuildFileExceptionSet;
			membershipExceptions = (
				Info.plist,
			);
			target = A1CCD2EB3057449E004B4721 /* ComposerXPCService */;
		};
/* End PBXFileSystemSynchronizedBuildFileExceptionSet section */

/* Begin PBXFileSystemSynchronizedRootGroup section */
		A15AE2503057244C001B9E7B /* Composer */ = {
			isa = PBXFileSystemSynchronizedRootGroup;
			exceptions = (
				A15AE27B3057244D001B9E7B /* Exceptions for "Composer" folder in "Composer" target */,
			);
			path = Composer;
			sourceTree = "<group>";
		};
		A15AE26C3057244C001B9E7B /* ComposerTests */ = {
			isa = PBXFileSystemSynchronizedRootGroup;
			path = ComposerTests;
			sourceTree = "<group>";
		};
		A15AE2763057244D001B9E7B /* ComposerUITests */ = {
			isa = PBXFileSystemSynchronizedRootGroup;
			path = ComposerUITests;
			sourceTree = "<group>";
		};
		A1CCD2ED3057449E004B4721 /* ComposerXPCService */ = {
			isa = PBXFileSystemSynchronizedRootGroup;
			exceptions = (
				A1CCD2FC3057449E004B4721 /* Exceptions for "ComposerXPCService" folder in "ComposerXPCService" target */,
			);
			path = ComposerXPCService;
			sourceTree = "<group>";
		};
/* End PBXFileSystemSynchronizedRootGroup section */

/* Begin PBXFrameworksBuildPhase section */
		A15AE24B3057244C001B9E7B /* Frameworks */ = {
			isa = PBXFrameworksBuildPhase;
			files = (
				667227E3FF9FDBC3F301DEB5 /* Defaults in Frameworks */,
				1F0255C9D0378DEB06FB8624 /* Collections in Frameworks */,
				BFBE1F4EC8B0B51BD2B99ABA /* Algorithms in Frameworks */,
				A1641DD2306AD62C004824F1 /* ComposerKit.framework in Frameworks */,
				A1641DD8306AD62C004824F1 /* WriteKit.framework in Frameworks */,
				A1641DD4306AD62C004824F1 /* FolioKit.framework in Frameworks */,
				A1641DD6306AD62C004824F1 /* ResearchKit.framework in Frameworks */,
			);
		};
		A15AE2663057244C001B9E7B /* Frameworks */ = {
			isa = PBXFrameworksBuildPhase;
			files = (
			);
		};
		A15AE2703057244D001B9E7B /* Frameworks */ = {
			isa = PBXFrameworksBuildPhase;
			files = (
			);
		};
		A1CCD2E93057449E004B4721 /* Frameworks */ = {
			isa = PBXFrameworksBuildPhase;
			files = (
				A1CCD31C3057456F004B4721 /* FolioKit.framework in Frameworks */,
			);
		};
/* End PBXFrameworksBuildPhase section */

/* Begin PBXGroup section */
		A15AE2453057244C001B9E7B = {
			isa = PBXGroup;
			children = (
				A15AE2503057244C001B9E7B /* Composer */,
				A15AE26C3057244C001B9E7B /* ComposerTests */,
				A15AE2763057244D001B9E7B /* ComposerUITests */,
				A1CCD2ED3057449E004B4721 /* ComposerXPCService */,
				A15AE2AB3057248F001B9E7B /* Frameworks */,
				A15AE24F3057244C001B9E7B /* Products */,
				A15AE2DF30572AF4001B9E7B /* Project.xcconfig */,
			);
			sourceTree = "<group>";
		};
		A15AE24F3057244C001B9E7B /* Products */ = {
			isa = PBXGroup;
			children = (
				A15AE24E3057244C001B9E7B /* Composer.app */,
				A15AE2693057244C001B9E7B /* ComposerTests.xctest */,
				A15AE2733057244D001B9E7B /* ComposerUITests.xctest */,
				A1CCD2EC3057449E004B4721 /* ComposerXPCService.xpc */,
			);
			name = Products;
			sourceTree = "<group>";
		};
		A15AE2AB3057248F001B9E7B /* Frameworks */ = {
			isa = PBXGroup;
			children = (
				A1641DCE306AD62C004824F1 /* ComposerKit.framework */,
				A1641DCF306AD62C004824F1 /* FolioKit.framework */,
				A1641DD0306AD62C004824F1 /* ResearchKit.framework */,
				A1641DD1306AD62C004824F1 /* WriteKit.framework */,
				A15AE2AC3057248F001B9E7B /* FolioKit.framework */,
			);
			name = Frameworks;
			sourceTree = "<group>";
		};
/* End PBXGroup section */

/* Begin PBXNativeTarget section */
		A15AE24D3057244C001B9E7B /* Composer */ = {
			isa = PBXNativeTarget;
			buildConfigurationList = A15AE27C3057244D001B9E7B /* Build configuration list for PBXNativeTarget "Composer" */;
			buildPhases = (
				A15AE24A3057244C001B9E7B /* Sources */,
				A15AE24B3057244C001B9E7B /* Frameworks */,
				A15AE24C3057244C001B9E7B /* Resources */,
				A1CCD2F83057449E004B4721 /* Embed XPC Services */,
				D80000000000000000000001 /* Embed standalone Kits */,
			);
			buildRules = (
			);
			dependencies = (
				AC50B6F5F696A6E04A6F3465 /* PBXTargetDependency */,
				A1CCD2F63057449E004B4721 /* PBXTargetDependency */,
			);
			fileSystemSynchronizedGroups = (
				A15AE2503057244C001B9E7B /* Composer */,
			);
			name = Composer;
			packageProductDependencies = (
				0A35628AA16E912868CECFF2 /* Defaults */,
				1B9161C4D0ADDA564874EC56 /* Collections */,
				590E964BFEB676152814A003 /* Algorithms */,
			);
			productName = Composer;
			productReference = A15AE24E3057244C001B9E7B /* Composer.app */;
			productType = "com.apple.product-type.application";
		};
		A15AE2683057244C001B9E7B /* ComposerTests */ = {
			isa = PBXNativeTarget;
			buildConfigurationList = A15AE2813057244D001B9E7B /* Build configuration list for PBXNativeTarget "ComposerTests" */;
			buildPhases = (
				A15AE2653057244C001B9E7B /* Sources */,
				A15AE2663057244C001B9E7B /* Frameworks */,
				A15AE2673057244C001B9E7B /* Resources */,
			);
			buildRules = (
			);
			dependencies = (
				2936118DCEED792D70ECF3B0 /* PBXTargetDependency */,
				A15AE26B3057244C001B9E7B /* PBXTargetDependency */,
			);
			fileSystemSynchronizedGroups = (
				A15AE26C3057244C001B9E7B /* ComposerTests */,
			);
			name = ComposerTests;
			productName = ComposerTests;
			productReference = A15AE2693057244C001B9E7B /* ComposerTests.xctest */;
			productType = "com.apple.product-type.bundle.unit-test";
		};
		A15AE2723057244D001B9E7B /* ComposerUITests */ = {
			isa = PBXNativeTarget;
			buildConfigurationList = A15AE2843057244D001B9E7B /* Build configuration list for PBXNativeTarget "ComposerUITests" */;
			buildPhases = (
				A15AE26F3057244D001B9E7B /* Sources */,
				A15AE2703057244D001B9E7B /* Frameworks */,
				A15AE2713057244D001B9E7B /* Resources */,
			);
			buildRules = (
			);
			dependencies = (
				9362D373EA00EBDE834F7D3D /* PBXTargetDependency */,
				A15AE2753057244D001B9E7B /* PBXTargetDependency */,
			);
			fileSystemSynchronizedGroups = (
				A15AE2763057244D001B9E7B /* ComposerUITests */,
			);
			name = ComposerUITests;
			productName = ComposerUITests;
			productReference = A15AE2733057244D001B9E7B /* ComposerUITests.xctest */;
			productType = "com.apple.product-type.bundle.ui-testing";
		};
		A1CCD2EB3057449E004B4721 /* ComposerXPCService */ = {
			isa = PBXNativeTarget;
			buildConfigurationList = A1CCD2FB3057449E004B4721 /* Build configuration list for PBXNativeTarget "ComposerXPCService" */;
			buildPhases = (
				A1CCD2E83057449E004B4721 /* Sources */,
				A1CCD2E93057449E004B4721 /* Frameworks */,
				A1CCD2EA3057449E004B4721 /* Resources */,
			);
			buildRules = (
			);
			dependencies = (
				811D2ACA06B16014B083BA05 /* PBXTargetDependency */,
			);
			fileSystemSynchronizedGroups = (
				A1CCD2ED3057449E004B4721 /* ComposerXPCService */,
			);
			name = ComposerXPCService;
			productName = ComposerXPCService;
			productReference = A1CCD2EC3057449E004B4721 /* ComposerXPCService.xpc */;
			productType = "com.apple.product-type.xpc-service";
		};
/* End PBXNativeTarget section */

/* Begin PBXProject section */
		A15AE2463057244C001B9E7B /* Project object */ = {
			isa = PBXProject;
			attributes = {
				BuildIndependentTargetsInParallel = 1;
				CLASSPREFIX = FC;
				LastUpgradeCheck = 2700;
				ORGANIZATIONNAME = "the Folio Project";
				TargetAttributes = {
					A15AE24D3057244C001B9E7B = {
						CreatedOnToolsVersion = 26.6;
					};
					A15AE2683057244C001B9E7B = {
						CreatedOnToolsVersion = 26.6;
						TestTargetID = A15AE24D3057244C001B9E7B;
					};
					A15AE2723057244D001B9E7B = {
						CreatedOnToolsVersion = 26.6;
						TestTargetID = A15AE24D3057244C001B9E7B;
					};
					A1CCD2EB3057449E004B4721 = {
						CreatedOnToolsVersion = 26.6;
					};
				};
			};
			buildConfigurationList = A15AE2493057244C001B9E7B /* Build configuration list for PBXProject "Composer" */;
			developmentRegion = en;
			hasScannedForEncodings = 0;
			knownRegions = (
				en,
				Base,
				ar,
				"zh-Hans",
				"zh-Hant",
				fr,
				de,
				it,
				ja,
				ko,
				"pt-BR",
				es,
			);
			mainGroup = A15AE2453057244C001B9E7B;
			minimizedProjectReferenceProxies = 1;
			packageReferences = (
				EBD3F9AB655A1DD4E547C3D1 /* XCRemoteSwiftPackageReference "Defaults" */,
				C902C2214B0DC4DB93F8D19C /* XCRemoteSwiftPackageReference "swift-collections" */,
				3A13EB59CD7D28DB40321D3C /* XCRemoteSwiftPackageReference "swift-algorithms" */,
				617D45AB4F6EDB53425E4DF5 /* XCRemoteSwiftPackageReference "SwiftLintPlugins" */,
			);
			preferredProjectObjectVersion = 110;
			productRefGroup = A15AE24F3057244C001B9E7B /* Products */;
			projectDirPath = "";
			projectRoot = "";
			targets = (
				A15AE24D3057244C001B9E7B /* Composer */,
				A15AE2683057244C001B9E7B /* ComposerTests */,
				A15AE2723057244D001B9E7B /* ComposerUITests */,
				A1CCD2EB3057449E004B4721 /* ComposerXPCService */,
			);
		};
/* End PBXProject section */

/* Begin PBXResourcesBuildPhase section */
		A15AE24C3057244C001B9E7B /* Resources */ = {
			isa = PBXResourcesBuildPhase;
			files = (
			);
		};
		A15AE2673057244C001B9E7B /* Resources */ = {
			isa = PBXResourcesBuildPhase;
			files = (
			);
		};
		A15AE2713057244D001B9E7B /* Resources */ = {
			isa = PBXResourcesBuildPhase;
			files = (
			);
		};
		A1CCD2EA3057449E004B4721 /* Resources */ = {
			isa = PBXResourcesBuildPhase;
			files = (
			);
		};
/* End PBXResourcesBuildPhase section */

/* Begin PBXShellScriptBuildPhase section */
		D80000000000000000000001 /* Embed standalone Kits */ = {
			isa = PBXShellScriptBuildPhase;
			alwaysOutOfDate = 1;
			buildActionMask = 2147483647;
			files = ();
			inputPaths = (
				"$(SRCROOT)/../scripts/embed-standalone-frameworks.sh",
				"$(BUILT_PRODUCTS_DIR)/FolioKit.framework",
				"$(BUILT_PRODUCTS_DIR)/WriteKit.framework",
				"$(BUILT_PRODUCTS_DIR)/ResearchKit.framework",
				"$(BUILT_PRODUCTS_DIR)/ComposerKit.framework",
				"$(BUILT_PRODUCTS_DIR)/UndoKit.framework",
				"$(BUILT_PRODUCTS_DIR)/TypographyKit.framework",
			);
			name = "Embed standalone Kits";
			outputPaths = (
				"$(TARGET_BUILD_DIR)/$(FRAMEWORKS_FOLDER_PATH)/FolioKit.framework",
				"$(TARGET_BUILD_DIR)/$(FRAMEWORKS_FOLDER_PATH)/WriteKit.framework",
				"$(TARGET_BUILD_DIR)/$(FRAMEWORKS_FOLDER_PATH)/ResearchKit.framework",
				"$(TARGET_BUILD_DIR)/$(FRAMEWORKS_FOLDER_PATH)/ComposerKit.framework",
				"$(TARGET_BUILD_DIR)/$(FRAMEWORKS_FOLDER_PATH)/UndoKit.framework",
				"$(TARGET_BUILD_DIR)/$(FRAMEWORKS_FOLDER_PATH)/TypographyKit.framework",
			);
			runOnlyForDeploymentPostprocessing = 0;
			shellPath = /bin/bash;
			shellScript = "\"${SRCROOT}/../scripts/embed-standalone-frameworks.sh\"";
		};
/* End PBXShellScriptBuildPhase section */

/* Begin PBXSourcesBuildPhase section */
		A15AE24A3057244C001B9E7B /* Sources */ = {
			isa = PBXSourcesBuildPhase;
			files = (
			);
		};
		A15AE2653057244C001B9E7B /* Sources */ = {
			isa = PBXSourcesBuildPhase;
			files = (
			);
		};
		A15AE26F3057244D001B9E7B /* Sources */ = {
			isa = PBXSourcesBuildPhase;
			files = (
			);
		};
		A1CCD2E83057449E004B4721 /* Sources */ = {
			isa = PBXSourcesBuildPhase;
			files = (
			);
		};
/* End PBXSourcesBuildPhase section */

/* Begin PBXTargetDependency section */
		2936118DCEED792D70ECF3B0 /* PBXTargetDependency */ = {
			isa = PBXTargetDependency;
			productRef = AB7EF86118D1BC5AB733DDFF /* SwiftLintBuildToolPlugin */;
		};
		811D2ACA06B16014B083BA05 /* PBXTargetDependency */ = {
			isa = PBXTargetDependency;
			productRef = AAE1227362C47211D7A57DC4 /* SwiftLintBuildToolPlugin */;
		};
		9362D373EA00EBDE834F7D3D /* PBXTargetDependency */ = {
			isa = PBXTargetDependency;
			productRef = 96208CBA02DA173D8ECBDBAB /* SwiftLintBuildToolPlugin */;
		};
		A15AE26B3057244C001B9E7B /* PBXTargetDependency */ = {
			isa = PBXTargetDependency;
			target = A15AE24D3057244C001B9E7B /* Composer */;
			targetProxy = A15AE26A3057244C001B9E7B /* PBXContainerItemProxy */;
		};
		A15AE2753057244D001B9E7B /* PBXTargetDependency */ = {
			isa = PBXTargetDependency;
			target = A15AE24D3057244C001B9E7B /* Composer */;
			targetProxy = A15AE2743057244D001B9E7B /* PBXContainerItemProxy */;
		};
		A1CCD2F63057449E004B4721 /* PBXTargetDependency */ = {
			isa = PBXTargetDependency;
			target = A1CCD2EB3057449E004B4721 /* ComposerXPCService */;
			targetProxy = A1CCD2F53057449E004B4721 /* PBXContainerItemProxy */;
		};
		AC50B6F5F696A6E04A6F3465 /* PBXTargetDependency */ = {
			isa = PBXTargetDependency;
			productRef = 07A26A5463492866374CEE53 /* SwiftLintBuildToolPlugin */;
		};
/* End PBXTargetDependency section */

/* Begin XCBuildConfiguration section */
		A15AE27D3057244D001B9E7B /* Debug configuration for PBXNativeTarget "Composer" */ = {
			isa = XCBuildConfiguration;
			buildSettings = {
				ASSETCATALOG_COMPILER_APPICON_NAME = AppIcon;
				ASSETCATALOG_COMPILER_GLOBAL_ACCENT_COLOR_NAME = AccentColor;
				ASSETCATALOG_COMPILER_INCLUDE_ALL_APPICON_ASSETS = YES;
				CODE_SIGN_STYLE = Automatic;
				COMBINE_HIDPI_IMAGES = YES;
				DEAD_CODE_STRIPPING = YES;
				DEVELOPMENT_TEAM = FT9KDL728H;
				ENABLE_APP_SANDBOX = YES;
				ENABLE_FILE_ACCESS_DOWNLOADS_FOLDER = readwrite;
				ENABLE_FILE_ACCESS_PICTURE_FOLDER = readwrite;
				ENABLE_HARDENED_RUNTIME = YES;
				ENABLE_INCOMING_NETWORK_CONNECTIONS = NO;
				ENABLE_OUTGOING_NETWORK_CONNECTIONS = NO;
				ENABLE_RESOURCE_ACCESS_AUDIO_INPUT = NO;
				ENABLE_RESOURCE_ACCESS_BLUETOOTH = NO;
				ENABLE_RESOURCE_ACCESS_CALENDARS = NO;
				ENABLE_RESOURCE_ACCESS_CAMERA = NO;
				ENABLE_RESOURCE_ACCESS_CONTACTS = NO;
				ENABLE_RESOURCE_ACCESS_LOCATION = NO;
				ENABLE_RESOURCE_ACCESS_PRINTING = NO;
				ENABLE_RESOURCE_ACCESS_USB = NO;
				ENABLE_USER_SELECTED_FILES = readwrite;
				GENERATE_INFOPLIST_FILE = YES;
				INFOPLIST_FILE = Composer/Info.plist;
				INFOPLIST_KEY_CFBundleDisplayName = "Folio Composer";
				INFOPLIST_KEY_LSApplicationCategoryType = "public.app-category.productivity";
				INFOPLIST_KEY_NSMainStoryboardFile = Main;
				INFOPLIST_KEY_NSPrincipalClass = NSApplication;
				LD_RUNPATH_SEARCH_PATHS = (
					"$(inherited)",
					"@executable_path/../Frameworks",
				);
				MACOSX_DEPLOYMENT_TARGET = "$(RECOMMENDED_MACOSX_DEPLOYMENT_TARGET)";
				PRODUCT_BUNDLE_IDENTIFIER = dev.foliosuite.Composer;
				PRODUCT_NAME = "$(TARGET_NAME)";
				REGISTER_APP_GROUPS = YES;
				STRING_CATALOG_GENERATE_SYMBOLS = YES;
				SWIFT_EMIT_LOC_STRINGS = YES;
			};
			name = Debug;
		};
		A15AE27E3057244D001B9E7B /* Release configuration for PBXNativeTarget "Composer" */ = {
			isa = XCBuildConfiguration;
			buildSettings = {
				ASSETCATALOG_COMPILER_APPICON_NAME = AppIcon;
				ASSETCATALOG_COMPILER_GLOBAL_ACCENT_COLOR_NAME = AccentColor;
				ASSETCATALOG_COMPILER_INCLUDE_ALL_APPICON_ASSETS = YES;
				CODE_SIGN_STYLE = Automatic;
				COMBINE_HIDPI_IMAGES = YES;
				DEAD_CODE_STRIPPING = YES;
				DEVELOPMENT_TEAM = FT9KDL728H;
				ENABLE_APP_SANDBOX = YES;
				ENABLE_FILE_ACCESS_DOWNLOADS_FOLDER = readwrite;
				ENABLE_FILE_ACCESS_PICTURE_FOLDER = readwrite;
				ENABLE_HARDENED_RUNTIME = YES;
				ENABLE_INCOMING_NETWORK_CONNECTIONS = NO;
				ENABLE_OUTGOING_NETWORK_CONNECTIONS = NO;
				ENABLE_RESOURCE_ACCESS_AUDIO_INPUT = NO;
				ENABLE_RESOURCE_ACCESS_BLUETOOTH = NO;
				ENABLE_RESOURCE_ACCESS_CALENDARS = NO;
				ENABLE_RESOURCE_ACCESS_CAMERA = NO;
				ENABLE_RESOURCE_ACCESS_CONTACTS = NO;
				ENABLE_RESOURCE_ACCESS_LOCATION = NO;
				ENABLE_RESOURCE_ACCESS_PRINTING = NO;
				ENABLE_RESOURCE_ACCESS_USB = NO;
				ENABLE_USER_SELECTED_FILES = readwrite;
				GENERATE_INFOPLIST_FILE = YES;
				INFOPLIST_FILE = Composer/Info.plist;
				INFOPLIST_KEY_CFBundleDisplayName = "Folio Composer";
				INFOPLIST_KEY_LSApplicationCategoryType = "public.app-category.productivity";
				INFOPLIST_KEY_NSMainStoryboardFile = Main;
				INFOPLIST_KEY_NSPrincipalClass = NSApplication;
				LD_RUNPATH_SEARCH_PATHS = (
					"$(inherited)",
					"@executable_path/../Frameworks",
				);
				MACOSX_DEPLOYMENT_TARGET = "$(RECOMMENDED_MACOSX_DEPLOYMENT_TARGET)";
				PRODUCT_BUNDLE_IDENTIFIER = dev.foliosuite.Composer;
				PRODUCT_NAME = "$(TARGET_NAME)";
				REGISTER_APP_GROUPS = YES;
				STRING_CATALOG_GENERATE_SYMBOLS = YES;
				SWIFT_EMIT_LOC_STRINGS = YES;
			};
			name = Release;
		};
		A15AE27F3057244D001B9E7B /* Debug configuration for PBXProject "Composer" */ = {
			isa = XCBuildConfiguration;
			baseConfigurationReference = A15AE2DF30572AF4001B9E7B /* Project.xcconfig */;
			buildSettings = {
				ALWAYS_SEARCH_USER_PATHS = NO;
				ASSETCATALOG_COMPILER_GENERATE_SWIFT_ASSET_SYMBOL_EXTENSIONS = YES;
				CLANG_ANALYZER_LOCALIZABILITY_NONLOCALIZED = YES;
				CLANG_ANALYZER_NONNULL = YES;
				CLANG_ANALYZER_NUMBER_OBJECT_CONVERSION = YES_AGGRESSIVE;
				CLANG_CXX_LANGUAGE_STANDARD = "gnu++20";
				CLANG_ENABLE_MODULES = YES;
				CLANG_ENABLE_OBJC_ARC = YES;
				CLANG_ENABLE_OBJC_WEAK = YES;
				CLANG_WARN_BLOCK_CAPTURE_AUTORELEASING = YES;
				CLANG_WARN_BOOL_CONVERSION = YES;
				CLANG_WARN_COMMA = YES;
				CLANG_WARN_CONSTANT_CONVERSION = YES;
				CLANG_WARN_DEPRECATED_OBJC_IMPLEMENTATIONS = YES;
				CLANG_WARN_DIRECT_OBJC_ISA_USAGE = YES_ERROR;
				CLANG_WARN_DOCUMENTATION_COMMENTS = YES;
				CLANG_WARN_EMPTY_BODY = YES;
				CLANG_WARN_ENUM_CONVERSION = YES;
				CLANG_WARN_INFINITE_RECURSION = YES;
				CLANG_WARN_INT_CONVERSION = YES;
				CLANG_WARN_NON_LITERAL_NULL_CONVERSION = YES;
				CLANG_WARN_OBJC_IMPLICIT_RETAIN_SELF = YES;
				CLANG_WARN_OBJC_LITERAL_CONVERSION = YES;
				CLANG_WARN_OBJC_ROOT_CLASS = YES_ERROR;
				CLANG_WARN_QUOTED_INCLUDE_IN_FRAMEWORK_HEADER = YES;
				CLANG_WARN_RANGE_LOOP_ANALYSIS = YES;
				CLANG_WARN_STRICT_PROTOTYPES = YES;
				CLANG_WARN_SUSPICIOUS_MOVE = YES;
				CLANG_WARN_UNGUARDED_AVAILABILITY = YES_AGGRESSIVE;
				CLANG_WARN_UNREACHABLE_CODE = YES;
				CLANG_WARN__DUPLICATE_METHOD_MATCH = YES;
				COPY_PHASE_STRIP = NO;
				DEAD_CODE_STRIPPING = YES;
				DEBUG_INFORMATION_FORMAT = dwarf;
				DEVELOPMENT_TEAM = FT9KDL728H;
				ENABLE_STRICT_OBJC_MSGSEND = YES;
				ENABLE_TESTABILITY = YES;
				ENABLE_USER_SCRIPT_SANDBOXING = YES;
				GCC_C_LANGUAGE_STANDARD = gnu17;
				GCC_DYNAMIC_NO_PIC = NO;
				GCC_NO_COMMON_BLOCKS = YES;
				GCC_OPTIMIZATION_LEVEL = 0;
				GCC_PREPROCESSOR_DEFINITIONS = (
					"DEBUG=1",
					"$(inherited)",
				);
				GCC_WARN_64_TO_32_BIT_CONVERSION = YES;
				GCC_WARN_ABOUT_RETURN_TYPE = YES_ERROR;
				GCC_WARN_UNDECLARED_SELECTOR = YES;
				GCC_WARN_UNINITIALIZED_AUTOS = YES_AGGRESSIVE;
				GCC_WARN_UNUSED_FUNCTION = YES;
				GCC_WARN_UNUSED_VARIABLE = YES;
				LOCALIZATION_PREFERS_STRING_CATALOGS = YES;
				MTL_ENABLE_DEBUG_INFO = INCLUDE_SOURCE;
				MTL_FAST_MATH = YES;
				ONLY_ACTIVE_ARCH = YES;
				SDKROOT = macosx;
				STRING_CATALOG_GENERATE_SYMBOLS = YES;
				SWIFT_EMIT_LOC_STRINGS = YES;
			};
			name = Debug;
		};
		A15AE2803057244D001B9E7B /* Release configuration for PBXProject "Composer" */ = {
			isa = XCBuildConfiguration;
			baseConfigurationReference = A15AE2DF30572AF4001B9E7B /* Project.xcconfig */;
			buildSettings = {
				ALWAYS_SEARCH_USER_PATHS = NO;
				ASSETCATALOG_COMPILER_GENERATE_SWIFT_ASSET_SYMBOL_EXTENSIONS = YES;
				CLANG_ANALYZER_LOCALIZABILITY_NONLOCALIZED = YES;
				CLANG_ANALYZER_NONNULL = YES;
				CLANG_ANALYZER_NUMBER_OBJECT_CONVERSION = YES_AGGRESSIVE;
				CLANG_CXX_LANGUAGE_STANDARD = "gnu++20";
				CLANG_ENABLE_MODULES = YES;
				CLANG_ENABLE_OBJC_ARC = YES;
				CLANG_ENABLE_OBJC_WEAK = YES;
				CLANG_WARN_BLOCK_CAPTURE_AUTORELEASING = YES;
				CLANG_WARN_BOOL_CONVERSION = YES;
				CLANG_WARN_COMMA = YES;
				CLANG_WARN_CONSTANT_CONVERSION = YES;
				CLANG_WARN_DEPRECATED_OBJC_IMPLEMENTATIONS = YES;
				CLANG_WARN_DIRECT_OBJC_ISA_USAGE = YES_ERROR;
				CLANG_WARN_DOCUMENTATION_COMMENTS = YES;
				CLANG_WARN_EMPTY_BODY = YES;
				CLANG_WARN_ENUM_CONVERSION = YES;
				CLANG_WARN_INFINITE_RECURSION = YES;
				CLANG_WARN_INT_CONVERSION = YES;
				CLANG_WARN_NON_LITERAL_NULL_CONVERSION = YES;
				CLANG_WARN_OBJC_IMPLICIT_RETAIN_SELF = YES;
				CLANG_WARN_OBJC_LITERAL_CONVERSION = YES;
				CLANG_WARN_OBJC_ROOT_CLASS = YES_ERROR;
				CLANG_WARN_QUOTED_INCLUDE_IN_FRAMEWORK_HEADER = YES;
				CLANG_WARN_RANGE_LOOP_ANALYSIS = YES;
				CLANG_WARN_STRICT_PROTOTYPES = YES;
				CLANG_WARN_SUSPICIOUS_MOVE = YES;
				CLANG_WARN_UNGUARDED_AVAILABILITY = YES_AGGRESSIVE;
				CLANG_WARN_UNREACHABLE_CODE = YES;
				CLANG_WARN__DUPLICATE_METHOD_MATCH = YES;
				COPY_PHASE_STRIP = NO;
				DEAD_CODE_STRIPPING = YES;
				DEBUG_INFORMATION_FORMAT = "dwarf-with-dsym";
				DEVELOPMENT_TEAM = FT9KDL728H;
				ENABLE_NS_ASSERTIONS = NO;
				ENABLE_STRICT_OBJC_MSGSEND = YES;
				ENABLE_USER_SCRIPT_SANDBOXING = YES;
				GCC_C_LANGUAGE_STANDARD = gnu17;
				GCC_NO_COMMON_BLOCKS = YES;
				GCC_WARN_64_TO_32_BIT_CONVERSION = YES;
				GCC_WARN_ABOUT_RETURN_TYPE = YES_ERROR;
				GCC_WARN_UNDECLARED_SELECTOR = YES;
				GCC_WARN_UNINITIALIZED_AUTOS = YES_AGGRESSIVE;
				GCC_WARN_UNUSED_FUNCTION = YES;
				GCC_WARN_UNUSED_VARIABLE = YES;
				LOCALIZATION_PREFERS_STRING_CATALOGS = YES;
				MTL_ENABLE_DEBUG_INFO = NO;
				MTL_FAST_MATH = YES;
				SDKROOT = macosx;
				STRING_CATALOG_GENERATE_SYMBOLS = YES;
				SWIFT_EMIT_LOC_STRINGS = YES;
			};
			name = Release;
		};
		A15AE2823057244D001B9E7B /* Debug configuration for PBXNativeTarget "ComposerTests" */ = {
			isa = XCBuildConfiguration;
			buildSettings = {
				BUNDLE_LOADER = "$(TEST_HOST)";
				CODE_SIGN_STYLE = Automatic;
				DEAD_CODE_STRIPPING = YES;
				DEVELOPMENT_TEAM = FT9KDL728H;
				GENERATE_INFOPLIST_FILE = YES;
				MACOSX_DEPLOYMENT_TARGET = "$(RECOMMENDED_MACOSX_DEPLOYMENT_TARGET)";
				PRODUCT_BUNDLE_IDENTIFIER = dev.foliosuite.Composer.ComposerTests;
				PRODUCT_NAME = "$(TARGET_NAME)";
				STRING_CATALOG_GENERATE_SYMBOLS = NO;
				SWIFT_EMIT_LOC_STRINGS = NO;
				TEST_HOST = "$(BUILT_PRODUCTS_DIR)/Composer.app/$(BUNDLE_EXECUTABLE_FOLDER_PATH)/Composer";
			};
			name = Debug;
		};
		A15AE2833057244D001B9E7B /* Release configuration for PBXNativeTarget "ComposerTests" */ = {
			isa = XCBuildConfiguration;
			buildSettings = {
				BUNDLE_LOADER = "$(TEST_HOST)";
				CODE_SIGN_STYLE = Automatic;
				DEAD_CODE_STRIPPING = YES;
				DEVELOPMENT_TEAM = FT9KDL728H;
				GENERATE_INFOPLIST_FILE = YES;
				MACOSX_DEPLOYMENT_TARGET = "$(RECOMMENDED_MACOSX_DEPLOYMENT_TARGET)";
				PRODUCT_BUNDLE_IDENTIFIER = dev.foliosuite.Composer.ComposerTests;
				PRODUCT_NAME = "$(TARGET_NAME)";
				STRING_CATALOG_GENERATE_SYMBOLS = NO;
				SWIFT_EMIT_LOC_STRINGS = NO;
				TEST_HOST = "$(BUILT_PRODUCTS_DIR)/Composer.app/$(BUNDLE_EXECUTABLE_FOLDER_PATH)/Composer";
			};
			name = Release;
		};
		A15AE2853057244D001B9E7B /* Debug configuration for PBXNativeTarget "ComposerUITests" */ = {
			isa = XCBuildConfiguration;
			buildSettings = {
				CODE_SIGN_STYLE = Automatic;
				DEAD_CODE_STRIPPING = YES;
				DEVELOPMENT_TEAM = FT9KDL728H;
				GENERATE_INFOPLIST_FILE = YES;
				MACOSX_DEPLOYMENT_TARGET = "$(RECOMMENDED_MACOSX_DEPLOYMENT_TARGET)";
				PRODUCT_BUNDLE_IDENTIFIER = dev.foliosuite.Composer.ComposerUITests;
				PRODUCT_NAME = "$(TARGET_NAME)";
				STRING_CATALOG_GENERATE_SYMBOLS = NO;
				SWIFT_EMIT_LOC_STRINGS = NO;
				TEST_TARGET_NAME = Composer;
			};
			name = Debug;
		};
		A15AE2863057244D001B9E7B /* Release configuration for PBXNativeTarget "ComposerUITests" */ = {
			isa = XCBuildConfiguration;
			buildSettings = {
				CODE_SIGN_STYLE = Automatic;
				DEAD_CODE_STRIPPING = YES;
				DEVELOPMENT_TEAM = FT9KDL728H;
				GENERATE_INFOPLIST_FILE = YES;
				MACOSX_DEPLOYMENT_TARGET = "$(RECOMMENDED_MACOSX_DEPLOYMENT_TARGET)";
				PRODUCT_BUNDLE_IDENTIFIER = dev.foliosuite.Composer.ComposerUITests;
				PRODUCT_NAME = "$(TARGET_NAME)";
				STRING_CATALOG_GENERATE_SYMBOLS = NO;
				SWIFT_EMIT_LOC_STRINGS = NO;
				TEST_TARGET_NAME = Composer;
			};
			name = Release;
		};
		A1CCD2F93057449E004B4721 /* Debug configuration for PBXNativeTarget "ComposerXPCService" */ = {
			isa = XCBuildConfiguration;
			buildSettings = {
				CODE_SIGN_STYLE = Automatic;
				COMBINE_HIDPI_IMAGES = YES;
				DEAD_CODE_STRIPPING = YES;
				DEVELOPMENT_TEAM = FT9KDL728H;
				ENABLE_APP_SANDBOX = YES;
				ENABLE_HARDENED_RUNTIME = YES;
				GENERATE_INFOPLIST_FILE = YES;
				INFOPLIST_FILE = ComposerXPCService/Info.plist;
				INFOPLIST_KEY_CFBundleDisplayName = ComposerXPCService;
				LD_RUNPATH_SEARCH_PATHS = (
					"$(inherited)",
					"@executable_path/../../../../Frameworks",
					);
				MACOSX_DEPLOYMENT_TARGET = "$(RECOMMENDED_MACOSX_DEPLOYMENT_TARGET)";
				PRODUCT_BUNDLE_IDENTIFIER = dev.foliosuite.ComposerXPCService;
				PRODUCT_NAME = "$(TARGET_NAME)";
				REGISTER_APP_GROUPS = YES;
				SKIP_INSTALL = YES;
				STRING_CATALOG_GENERATE_SYMBOLS = YES;
				SWIFT_EMIT_LOC_STRINGS = YES;
			};
			name = Debug;
		};
		A1CCD2FA3057449E004B4721 /* Release configuration for PBXNativeTarget "ComposerXPCService" */ = {
			isa = XCBuildConfiguration;
			buildSettings = {
				CODE_SIGN_STYLE = Automatic;
				COMBINE_HIDPI_IMAGES = YES;
				DEAD_CODE_STRIPPING = YES;
				DEVELOPMENT_TEAM = FT9KDL728H;
				ENABLE_APP_SANDBOX = YES;
				ENABLE_HARDENED_RUNTIME = YES;
				GENERATE_INFOPLIST_FILE = YES;
				INFOPLIST_FILE = ComposerXPCService/Info.plist;
				INFOPLIST_KEY_CFBundleDisplayName = ComposerXPCService;
				LD_RUNPATH_SEARCH_PATHS = (
					"$(inherited)",
					"@executable_path/../../../../Frameworks",
					);
				MACOSX_DEPLOYMENT_TARGET = "$(RECOMMENDED_MACOSX_DEPLOYMENT_TARGET)";
				PRODUCT_BUNDLE_IDENTIFIER = dev.foliosuite.ComposerXPCService;
				PRODUCT_NAME = "$(TARGET_NAME)";
				REGISTER_APP_GROUPS = YES;
				SKIP_INSTALL = YES;
				STRING_CATALOG_GENERATE_SYMBOLS = YES;
				SWIFT_EMIT_LOC_STRINGS = YES;
			};
			name = Release;
		};
/* End XCBuildConfiguration section */

/* Begin XCConfigurationList section */
		A15AE2493057244C001B9E7B /* Build configuration list for PBXProject "Composer" */ = {
			isa = XCConfigurationList;
			buildConfigurations = (
				A15AE27F3057244D001B9E7B /* Debug configuration for PBXProject "Composer" */,
				A15AE2803057244D001B9E7B /* Release configuration for PBXProject "Composer" */,
			);
			defaultConfigurationName = Release;
		};
		A15AE27C3057244D001B9E7B /* Build configuration list for PBXNativeTarget "Composer" */ = {
			isa = XCConfigurationList;
			buildConfigurations = (
				A15AE27D3057244D001B9E7B /* Debug configuration for PBXNativeTarget "Composer" */,
				A15AE27E3057244D001B9E7B /* Release configuration for PBXNativeTarget "Composer" */,
			);
			defaultConfigurationName = Release;
		};
		A15AE2813057244D001B9E7B /* Build configuration list for PBXNativeTarget "ComposerTests" */ = {
			isa = XCConfigurationList;
			buildConfigurations = (
				A15AE2823057244D001B9E7B /* Debug configuration for PBXNativeTarget "ComposerTests" */,
				A15AE2833057244D001B9E7B /* Release configuration for PBXNativeTarget "ComposerTests" */,
			);
			defaultConfigurationName = Release;
		};
		A15AE2843057244D001B9E7B /* Build configuration list for PBXNativeTarget "ComposerUITests" */ = {
			isa = XCConfigurationList;
			buildConfigurations = (
				A15AE2853057244D001B9E7B /* Debug configuration for PBXNativeTarget "ComposerUITests" */,
				A15AE2863057244D001B9E7B /* Release configuration for PBXNativeTarget "ComposerUITests" */,
			);
			defaultConfigurationName = Release;
		};
		A1CCD2FB3057449E004B4721 /* Build configuration list for PBXNativeTarget "ComposerXPCService" */ = {
			isa = XCConfigurationList;
			buildConfigurations = (
				A1CCD2F93057449E004B4721 /* Debug configuration for PBXNativeTarget "ComposerXPCService" */,
				A1CCD2FA3057449E004B4721 /* Release configuration for PBXNativeTarget "ComposerXPCService" */,
			);
			defaultConfigurationName = Release;
		};
/* End XCConfigurationList section */

/* Begin XCRemoteSwiftPackageReference section */
		3A13EB59CD7D28DB40321D3C /* XCRemoteSwiftPackageReference "swift-algorithms" */ = {
			isa = XCRemoteSwiftPackageReference;
			repositoryURL = "https://github.com/apple/swift-algorithms";
			requirement = {
				kind = exactVersion;
				version = 1.2.1;
			};
		};
		617D45AB4F6EDB53425E4DF5 /* XCRemoteSwiftPackageReference "SwiftLintPlugins" */ = {
			isa = XCRemoteSwiftPackageReference;
			repositoryURL = "https://github.com/SimplyDanny/SwiftLintPlugins";
			requirement = {
				kind = exactVersion;
				version = 0.65.1;
			};
		};
		C902C2214B0DC4DB93F8D19C /* XCRemoteSwiftPackageReference "swift-collections" */ = {
			isa = XCRemoteSwiftPackageReference;
			repositoryURL = "https://github.com/apple/swift-collections";
			requirement = {
				kind = exactVersion;
				version = 1.7.1;
			};
		};
		EBD3F9AB655A1DD4E547C3D1 /* XCRemoteSwiftPackageReference "Defaults" */ = {
			isa = XCRemoteSwiftPackageReference;
			repositoryURL = "https://github.com/sindresorhus/Defaults";
			requirement = {
				kind = exactVersion;
				version = 9.0.9;
			};
		};
/* End XCRemoteSwiftPackageReference section */

/* Begin XCSwiftPackageProductDependency section */
		07A26A5463492866374CEE53 /* SwiftLintBuildToolPlugin */ = {
			isa = XCSwiftPackageProductDependency;
			package = 617D45AB4F6EDB53425E4DF5 /* XCRemoteSwiftPackageReference "SwiftLintPlugins" */;
			productName = "plugin:SwiftLintBuildToolPlugin";
		};
		0A35628AA16E912868CECFF2 /* Defaults */ = {
			isa = XCSwiftPackageProductDependency;
			package = EBD3F9AB655A1DD4E547C3D1 /* XCRemoteSwiftPackageReference "Defaults" */;
			productName = Defaults;
		};
		1B9161C4D0ADDA564874EC56 /* Collections */ = {
			isa = XCSwiftPackageProductDependency;
			package = C902C2214B0DC4DB93F8D19C /* XCRemoteSwiftPackageReference "swift-collections" */;
			productName = Collections;
		};
		590E964BFEB676152814A003 /* Algorithms */ = {
			isa = XCSwiftPackageProductDependency;
			package = 3A13EB59CD7D28DB40321D3C /* XCRemoteSwiftPackageReference "swift-algorithms" */;
			productName = Algorithms;
		};
		96208CBA02DA173D8ECBDBAB /* SwiftLintBuildToolPlugin */ = {
			isa = XCSwiftPackageProductDependency;
			package = 617D45AB4F6EDB53425E4DF5 /* XCRemoteSwiftPackageReference "SwiftLintPlugins" */;
			productName = "plugin:SwiftLintBuildToolPlugin";
		};
		AAE1227362C47211D7A57DC4 /* SwiftLintBuildToolPlugin */ = {
			isa = XCSwiftPackageProductDependency;
			package = 617D45AB4F6EDB53425E4DF5 /* XCRemoteSwiftPackageReference "SwiftLintPlugins" */;
			productName = "plugin:SwiftLintBuildToolPlugin";
		};
		AB7EF86118D1BC5AB733DDFF /* SwiftLintBuildToolPlugin */ = {
			isa = XCSwiftPackageProductDependency;
			package = 617D45AB4F6EDB53425E4DF5 /* XCRemoteSwiftPackageReference "SwiftLintPlugins" */;
			productName = "plugin:SwiftLintBuildToolPlugin";
		};
/* End XCSwiftPackageProductDependency section */
	};
	rootObject = A15AE2463057244C001B9E7B /* Project object */;
}
