// !$*UTF8*$!
{
	archiveVersion = 1;
	classes = {
	};
	objectVersion = 110;
	objects = {

/* Begin PBXBuildFile section */
		A120CDEC306A0DA30097A0D5 /* Project.xcconfig in Resources */ = {isa = PBXBuildFile; fileRef = A120CDEB306A0DA30097A0D5 /* Project.xcconfig */; };
		B13000000000000000000001 /* TypographyKit.framework in Frameworks */ = {isa = PBXBuildFile; fileRef = A120CDD4306A0BBA0097A0D5 /* TypographyKit.framework */; };
/* End PBXBuildFile section */

/* Begin PBXFileReference section */
		A120CDD4306A0BBA0097A0D5 /* TypographyKit.framework */ = {isa = PBXFileReference; explicitFileType = wrapper.framework; includeInIndex = 0; path = TypographyKit.framework; sourceTree = BUILT_PRODUCTS_DIR; };
		A120CDEB306A0DA30097A0D5 /* Project.xcconfig */ = {isa = PBXFileReference; lastKnownFileType = text.xcconfig; path = Project.xcconfig; sourceTree = "<group>"; };
		B13000000000000000000002 /* TypographyKitTests.xctest */ = {isa = PBXFileReference; explicitFileType = wrapper.cfbundle; includeInIndex = 0; path = TypographyKitTests.xctest; sourceTree = BUILT_PRODUCTS_DIR; };
/* End PBXFileReference section */

/* Begin PBXFileSystemSynchronizedRootGroup section */
		A120CDD6306A0BBA0097A0D5 /* TypographyKit */ = {
			isa = PBXFileSystemSynchronizedRootGroup;
			path = TypographyKit;
			sourceTree = "<group>";
		};
		B13000000000000000000003 /* TypographyKitTests */ = {
			isa = PBXFileSystemSynchronizedRootGroup;
			path = TypographyKitTests;
			sourceTree = "<group>";
		};
/* End PBXFileSystemSynchronizedRootGroup section */

/* Begin PBXFrameworksBuildPhase section */
		A120CDD1306A0BBA0097A0D5 /* Frameworks */ = {
			isa = PBXFrameworksBuildPhase;
			files = (
			);
		};
		B13000000000000000000004 /* Frameworks */ = {
			isa = PBXFrameworksBuildPhase;
			files = (
				B13000000000000000000001 /* TypographyKit.framework in Frameworks */,
			);
		};
/* End PBXFrameworksBuildPhase section */

/* Begin PBXGroup section */
		A120CDCA306A0BBA0097A0D5 = {
			isa = PBXGroup;
			children = (
				A120CDD6306A0BBA0097A0D5 /* TypographyKit */,
				B13000000000000000000003 /* TypographyKitTests */,
				A120CDEB306A0DA30097A0D5 /* Project.xcconfig */,
				A120CDD5306A0BBA0097A0D5 /* Products */,
			);
			sourceTree = "<group>";
		};
		A120CDD5306A0BBA0097A0D5 /* Products */ = {
			isa = PBXGroup;
			children = (
				A120CDD4306A0BBA0097A0D5 /* TypographyKit.framework */,
				B13000000000000000000002 /* TypographyKitTests.xctest */,
			);
			name = Products;
			sourceTree = "<group>";
		};
/* End PBXGroup section */

/* Begin PBXHeadersBuildPhase section */
		A120CDCF306A0BBA0097A0D5 /* Headers */ = {
			isa = PBXHeadersBuildPhase;
			files = (
			);
		};
/* End PBXHeadersBuildPhase section */

/* Begin PBXContainerItemProxy section */
		B13000000000000000000005 /* PBXContainerItemProxy */ = {
			isa = PBXContainerItemProxy;
			containerPortal = A120CDCB306A0BBA0097A0D5 /* Project object */;
			proxyType = 1;
			remoteGlobalIDString = A120CDD3306A0BBA0097A0D5;
			remoteInfo = TypographyKit;
		};
/* End PBXContainerItemProxy section */

/* Begin PBXNativeTarget section */
		A120CDD3306A0BBA0097A0D5 /* TypographyKit */ = {
			isa = PBXNativeTarget;
			buildConfigurationList = A120CDDD306A0BBA0097A0D5 /* Build configuration list for PBXNativeTarget "TypographyKit" */;
			buildPhases = (
				A120CDCF306A0BBA0097A0D5 /* Headers */,
				A120CDD0306A0BBA0097A0D5 /* Sources */,
				A120CDD1306A0BBA0097A0D5 /* Frameworks */,
				A120CDD2306A0BBA0097A0D5 /* Resources */,
			);
			buildRules = (
			);
			fileSystemSynchronizedGroups = (
				A120CDD6306A0BBA0097A0D5 /* TypographyKit */,
			);
			name = TypographyKit;
			productName = TypographyKit;
			productReference = A120CDD4306A0BBA0097A0D5 /* TypographyKit.framework */;
			productType = "com.apple.product-type.framework";
		};
		B13000000000000000000006 /* TypographyKitTests */ = {
			isa = PBXNativeTarget;
			buildConfigurationList = B13000000000000000000009 /* Build configuration list for PBXNativeTarget "TypographyKitTests" */;
			buildPhases = (
				B13000000000000000000007 /* Sources */,
				B13000000000000000000004 /* Frameworks */,
				B13000000000000000000008 /* Resources */,
			);
			buildRules = (
			);
			dependencies = (
				B1300000000000000000000A /* PBXTargetDependency */,
			);
			fileSystemSynchronizedGroups = (
				B13000000000000000000003 /* TypographyKitTests */,
			);
			name = TypographyKitTests;
			productName = TypographyKitTests;
			productReference = B13000000000000000000002 /* TypographyKitTests.xctest */;
			productType = "com.apple.product-type.bundle.unit-test";
		};
/* End PBXNativeTarget section */

/* Begin PBXProject section */
		A120CDCB306A0BBA0097A0D5 /* Project object */ = {
			isa = PBXProject;
			attributes = {
				BuildIndependentTargetsInParallel = 1;
				LastSwiftUpdateCheck = 2700;
				LastUpgradeCheck = 2700;
				ORGANIZATIONNAME = "the Folio Project";
				TargetAttributes = {
					A120CDD3306A0BBA0097A0D5 = {
						CreatedOnToolsVersion = 27.0;
					};
					B13000000000000000000006 = {
						CreatedOnToolsVersion = 27.0;
						TestTargetID = A120CDD3306A0BBA0097A0D5;
					};
				};
			};
			buildConfigurationList = A120CDCE306A0BBA0097A0D5 /* Build configuration list for PBXProject "TypographyKit" */;
			developmentRegion = en;
			hasScannedForEncodings = 0;
			knownRegions = (
				en,
				Base,
			);
			mainGroup = A120CDCA306A0BBA0097A0D5;
			minimizedProjectReferenceProxies = 1;
			preferredProjectObjectVersion = 77;
			productRefGroup = A120CDD5306A0BBA0097A0D5 /* Products */;
			projectDirPath = "";
			projectRoot = "";
			targets = (
				A120CDD3306A0BBA0097A0D5 /* TypographyKit */,
				B13000000000000000000006 /* TypographyKitTests */,
			);
		};
/* End PBXProject section */

/* Begin PBXResourcesBuildPhase section */
		A120CDD2306A0BBA0097A0D5 /* Resources */ = {
			isa = PBXResourcesBuildPhase;
			files = (
				A120CDEC306A0DA30097A0D5 /* Project.xcconfig in Resources */,
			);
		};
/* End PBXResourcesBuildPhase section */

/* Begin PBXTargetDependency section */
		B1300000000000000000000A /* PBXTargetDependency */ = {
			isa = PBXTargetDependency;
			target = A120CDD3306A0BBA0097A0D5 /* TypographyKit */;
			targetProxy = B13000000000000000000005 /* PBXContainerItemProxy */;
		};
/* End PBXTargetDependency section */

/* Begin PBXSourcesBuildPhase section */
		B13000000000000000000007 /* Sources */ = {
			isa = PBXSourcesBuildPhase;
			files = (
			);
		};
/* End PBXSourcesBuildPhase section */

/* Begin PBXResourcesBuildPhase section */
		B13000000000000000000008 /* Resources */ = {
			isa = PBXResourcesBuildPhase;
			files = (
			);
		};

/* Begin PBXSourcesBuildPhase section */
		A120CDD0306A0BBA0097A0D5 /* Sources */ = {
			isa = PBXSourcesBuildPhase;
			files = (
			);
		};
/* End PBXSourcesBuildPhase section */

/* Begin XCBuildConfiguration section */
		A120CDDB306A0BBA0097A0D5 /* Debug configuration for PBXProject "TypographyKit" */ = {
			isa = XCBuildConfiguration;
			baseConfigurationReference = A120CDEB306A0DA30097A0D5 /* Project.xcconfig */;
			buildSettings = {
				ALWAYS_SEARCH_USER_PATHS = NO;
				ASSETCATALOG_COMPILER_GENERATE_SWIFT_ASSET_SYMBOL_EXTENSIONS = YES;
				CLANG_ANALYZER_NONNULL = YES;
				CLANG_ANALYZER_NUMBER_OBJECT_CONVERSION = YES_AGGRESSIVE;
				CLANG_CXX_LANGUAGE_STANDARD = "gnu++20";
				CLANG_ENABLE_MODULES = YES;
				CLANG_ENABLE_OBJC_ARC = YES;
				CLANG_ENABLE_OBJC_WEAK = YES;
				CLANG_WARN_BLOCK_CAPTURE_AUTORELEASING = YES;
				CLANG_WARN_BOOL_CONVERSION = YES;
				CLANG_WARN_COMMA = YES;
				CLANG_WARN_CONSTANT_CONVERSION = YES;
				CLANG_WARN_DEPRECATED_OBJC_IMPLEMENTATIONS = YES;
				CLANG_WARN_DIRECT_OBJC_ISA_USAGE = YES_ERROR;
				CLANG_WARN_DOCUMENTATION_COMMENTS = YES;
				CLANG_WARN_EMPTY_BODY = YES;
				CLANG_WARN_ENUM_CONVERSION = YES;
				CLANG_WARN_INFINITE_RECURSION = YES;
				CLANG_WARN_INT_CONVERSION = YES;
				CLANG_WARN_NON_LITERAL_NULL_CONVERSION = YES;
				CLANG_WARN_OBJC_IMPLICIT_RETAIN_SELF = YES;
				CLANG_WARN_OBJC_LITERAL_CONVERSION = YES;
				CLANG_WARN_OBJC_ROOT_CLASS = YES_ERROR;
				CLANG_WARN_QUOTED_INCLUDE_IN_FRAMEWORK_HEADER = YES;
				CLANG_WARN_RANGE_LOOP_ANALYSIS = YES;
				CLANG_WARN_STRICT_PROTOTYPES = YES;
				CLANG_WARN_SUSPICIOUS_MOVE = YES;
				CLANG_WARN_UNGUARDED_AVAILABILITY = YES_AGGRESSIVE;
				CLANG_WARN_UNREACHABLE_CODE = YES;
				CLANG_WARN__DUPLICATE_METHOD_MATCH = YES;
				COPY_PHASE_STRIP = NO;
				CURRENT_PROJECT_VERSION = 1;
				DEBUG_INFORMATION_FORMAT = dwarf;
				ENABLE_STRICT_OBJC_MSGSEND = YES;
				ENABLE_TESTABILITY = YES;
				ENABLE_USER_SCRIPT_SANDBOXING = YES;
				GCC_C_LANGUAGE_STANDARD = gnu17;
				GCC_DYNAMIC_NO_PIC = NO;
				GCC_NO_COMMON_BLOCKS = YES;
				GCC_OPTIMIZATION_LEVEL = 0;
				GCC_PREPROCESSOR_DEFINITIONS = (
					"DEBUG=1",
					"$(inherited)",
				);
				GCC_WARN_64_TO_32_BIT_CONVERSION = YES;
				GCC_WARN_ABOUT_RETURN_TYPE = YES_ERROR;
				GCC_WARN_UNDECLARED_SELECTOR = YES;
				GCC_WARN_UNINITIALIZED_AUTOS = YES_AGGRESSIVE;
				GCC_WARN_UNUSED_FUNCTION = YES;
				GCC_WARN_UNUSED_VARIABLE = YES;
				LOCALIZATION_PREFERS_STRING_CATALOGS = YES;
				MTL_ENABLE_DEBUG_INFO = INCLUDE_SOURCE;
				MTL_FAST_MATH = YES;
				ONLY_ACTIVE_ARCH = YES;
				SWIFT_ACTIVE_COMPILATION_CONDITIONS = "DEBUG $(inherited)";
				SWIFT_OPTIMIZATION_LEVEL = "-Onone";
				VERSIONING_SYSTEM = "apple-generic";
				VERSION_INFO_PREFIX = "";
			};
			name = Debug;
		};
		A120CDDC306A0BBA0097A0D5 /* Release configuration for PBXProject "TypographyKit" */ = {
			isa = XCBuildConfiguration;
			baseConfigurationReference = A120CDEB306A0DA30097A0D5 /* Project.xcconfig */;
			buildSettings = {
				ALWAYS_SEARCH_USER_PATHS = NO;
				ASSETCATALOG_COMPILER_GENERATE_SWIFT_ASSET_SYMBOL_EXTENSIONS = YES;
				CLANG_ANALYZER_NONNULL = YES;
				CLANG_ANALYZER_NUMBER_OBJECT_CONVERSION = YES_AGGRESSIVE;
				CLANG_CXX_LANGUAGE_STANDARD = "gnu++20";
				CLANG_ENABLE_MODULES = YES;
				CLANG_ENABLE_OBJC_ARC = YES;
				CLANG_ENABLE_OBJC_WEAK = YES;
				CLANG_WARN_BLOCK_CAPTURE_AUTORELEASING = YES;
				CLANG_WARN_BOOL_CONVERSION = YES;
				CLANG_WARN_COMMA = YES;
				CLANG_WARN_CONSTANT_CONVERSION = YES;
				CLANG_WARN_DEPRECATED_OBJC_IMPLEMENTATIONS = YES;
				CLANG_WARN_DIRECT_OBJC_ISA_USAGE = YES_ERROR;
				CLANG_WARN_DOCUMENTATION_COMMENTS = YES;
				CLANG_WARN_EMPTY_BODY = YES;
				CLANG_WARN_ENUM_CONVERSION = YES;
				CLANG_WARN_INFINITE_RECURSION = YES;
				CLANG_WARN_INT_CONVERSION = YES;
				CLANG_WARN_NON_LITERAL_NULL_CONVERSION = YES;
				CLANG_WARN_OBJC_IMPLICIT_RETAIN_SELF = YES;
				CLANG_WARN_OBJC_LITERAL_CONVERSION = YES;
				CLANG_WARN_OBJC_ROOT_CLASS = YES_ERROR;
				CLANG_WARN_QUOTED_INCLUDE_IN_FRAMEWORK_HEADER = YES;
				CLANG_WARN_RANGE_LOOP_ANALYSIS = YES;
				CLANG_WARN_STRICT_PROTOTYPES = YES;
				CLANG_WARN_SUSPICIOUS_MOVE = YES;
				CLANG_WARN_UNGUARDED_AVAILABILITY = YES_AGGRESSIVE;
				CLANG_WARN_UNREACHABLE_CODE = YES;
				CLANG_WARN__DUPLICATE_METHOD_MATCH = YES;
				COPY_PHASE_STRIP = NO;
				CURRENT_PROJECT_VERSION = 1;
				DEBUG_INFORMATION_FORMAT = "dwarf-with-dsym";
				ENABLE_NS_ASSERTIONS = NO;
				ENABLE_STRICT_OBJC_MSGSEND = YES;
				ENABLE_USER_SCRIPT_SANDBOXING = YES;
				GCC_C_LANGUAGE_STANDARD = gnu17;
				GCC_NO_COMMON_BLOCKS = YES;
				GCC_WARN_64_TO_32_BIT_CONVERSION = YES;
				GCC_WARN_ABOUT_RETURN_TYPE = YES_ERROR;
				GCC_WARN_UNDECLARED_SELECTOR = YES;
				GCC_WARN_UNINITIALIZED_AUTOS = YES_AGGRESSIVE;
				GCC_WARN_UNUSED_FUNCTION = YES;
				GCC_WARN_UNUSED_VARIABLE = YES;
				LOCALIZATION_PREFERS_STRING_CATALOGS = YES;
				MTL_ENABLE_DEBUG_INFO = NO;
				MTL_FAST_MATH = YES;
				SWIFT_COMPILATION_MODE = wholemodule;
				VERSIONING_SYSTEM = "apple-generic";
				VERSION_INFO_PREFIX = "";
			};
			name = Release;
		};
		A120CDDE306A0BBA0097A0D5 /* Debug configuration for PBXNativeTarget "TypographyKit" */ = {
			isa = XCBuildConfiguration;
			buildSettings = {
				ALLOW_TARGET_PLATFORM_SPECIALIZATION = YES;
				BUILD_LIBRARY_FOR_DISTRIBUTION = YES;
				CODE_SIGN_IDENTITY = "Apple Development";
				CODE_SIGN_STYLE = Automatic;
				CURRENT_PROJECT_VERSION = "$(inherited)";
				DEVELOPMENT_TEAM = FT9KDL728H;
				DYLIB_COMPATIBILITY_VERSION = 1;
				DYLIB_CURRENT_VERSION = 1;
				DYLIB_INSTALL_NAME_BASE = "@rpath";
				ENABLE_MODULE_VERIFIER = YES;
				GENERATE_INFOPLIST_FILE = YES;
				INFOPLIST_KEY_NSHumanReadableCopyright = "$(inherited)";
				INSTALL_PATH = "$(LOCAL_LIBRARY_DIR)/Frameworks";
				IPHONEOS_DEPLOYMENT_TARGET = 27.0;
				LD_RUNPATH_SEARCH_PATHS = (
					"$(inherited)",
					"@executable_path/../Frameworks",
					"@loader_path/Frameworks",
				);
				MACOSX_DEPLOYMENT_TARGET = "$(RECOMMENDED_MACOSX_DEPLOYMENT_TARGET)";
				MARKETING_VERSION = "$(inherited)";
				MODULE_VERIFIER_SUPPORTED_LANGUAGES = "objective-c objective-c++";
				MODULE_VERIFIER_SUPPORTED_LANGUAGE_STANDARDS = "gnu17 gnu++20";
				ONLY_ACTIVE_ARCH = NO;
				PRODUCT_BUNDLE_IDENTIFIER = dev.foliosuite.TypographyKit;
				PRODUCT_NAME = "$(TARGET_NAME:c99extidentifier)";
				SDKROOT = macosx;
				SKIP_INSTALL = NO;
				STRING_CATALOG_GENERATE_SYMBOLS = YES;
				SUPPORTED_PLATFORMS = macosx;
				SWIFT_APPROACHABLE_CONCURRENCY = YES;
				SWIFT_DEFAULT_ACTOR_ISOLATION = nonisolated;
				SWIFT_EMIT_LOC_STRINGS = YES;
				SWIFT_INSTALL_MODULE = YES;
				SWIFT_INSTALL_OBJC_HEADER = NO;
				SWIFT_UPCOMING_FEATURE_MEMBER_IMPORT_VISIBILITY = YES;
				SWIFT_VERSION = 6.0;
				TARGETED_DEVICE_FAMILY = "1,2,7";
				XROS_DEPLOYMENT_TARGET = 27.0;
			};
			name = Debug;
		};
		A120CDDF306A0BBA0097A0D5 /* Release configuration for PBXNativeTarget "TypographyKit" */ = {
			isa = XCBuildConfiguration;
			buildSettings = {
				ALLOW_TARGET_PLATFORM_SPECIALIZATION = YES;
				BUILD_LIBRARY_FOR_DISTRIBUTION = YES;
				CODE_SIGN_IDENTITY = "Apple Development";
				CODE_SIGN_STYLE = Automatic;
				CURRENT_PROJECT_VERSION = "$(inherited)";
				DEVELOPMENT_TEAM = FT9KDL728H;
				DYLIB_COMPATIBILITY_VERSION = 1;
				DYLIB_CURRENT_VERSION = 1;
				DYLIB_INSTALL_NAME_BASE = "@rpath";
				ENABLE_MODULE_VERIFIER = YES;
				GENERATE_INFOPLIST_FILE = YES;
				INFOPLIST_KEY_NSHumanReadableCopyright = "$(inherited)";
				INSTALL_PATH = "$(LOCAL_LIBRARY_DIR)/Frameworks";
				IPHONEOS_DEPLOYMENT_TARGET = 27.0;
				LD_RUNPATH_SEARCH_PATHS = (
					"$(inherited)",
					"@executable_path/../Frameworks",
					"@loader_path/Frameworks",
				);
				MACOSX_DEPLOYMENT_TARGET = "$(RECOMMENDED_MACOSX_DEPLOYMENT_TARGET)";
				MARKETING_VERSION = "$(inherited)";
				MODULE_VERIFIER_SUPPORTED_LANGUAGES = "objective-c objective-c++";
				MODULE_VERIFIER_SUPPORTED_LANGUAGE_STANDARDS = "gnu17 gnu++20";
				ONLY_ACTIVE_ARCH = NO;
				PRODUCT_BUNDLE_IDENTIFIER = dev.foliosuite.TypographyKit;
				PRODUCT_NAME = "$(TARGET_NAME:c99extidentifier)";
				SDKROOT = macosx;
				SKIP_INSTALL = NO;
				STRING_CATALOG_GENERATE_SYMBOLS = YES;
				SUPPORTED_PLATFORMS = macosx;
				SWIFT_APPROACHABLE_CONCURRENCY = YES;
				SWIFT_DEFAULT_ACTOR_ISOLATION = nonisolated;
				SWIFT_EMIT_LOC_STRINGS = YES;
				SWIFT_INSTALL_MODULE = YES;
				SWIFT_INSTALL_OBJC_HEADER = NO;
				SWIFT_UPCOMING_FEATURE_MEMBER_IMPORT_VISIBILITY = YES;
				SWIFT_VERSION = 6.0;
				TARGETED_DEVICE_FAMILY = "1,2,7";
				XROS_DEPLOYMENT_TARGET = 27.0;
			};
			name = Release;
		};
		B1300000000000000000000B /* Debug configuration for PBXNativeTarget "TypographyKitTests" */ = {
			isa = XCBuildConfiguration;
			baseConfigurationReference = A120CDEB306A0DA30097A0D5 /* Project.xcconfig */;
			buildSettings = {
				CODE_SIGN_STYLE = Automatic;
				DEVELOPMENT_TEAM = FT9KDL728H;
				GENERATE_INFOPLIST_FILE = YES;
				MACOSX_DEPLOYMENT_TARGET = 14.0;
				PRODUCT_BUNDLE_IDENTIFIER = dev.foliosuite.TypographyKitTests;
				PRODUCT_NAME = "$(TARGET_NAME)";
				SDKROOT = macosx;
				SWIFT_DEFAULT_ACTOR_ISOLATION = nonisolated;
				SWIFT_VERSION = 6.0;
			};
			name = Debug;
		};
		B1300000000000000000000C /* Release configuration for PBXNativeTarget "TypographyKitTests" */ = {
			isa = XCBuildConfiguration;
			baseConfigurationReference = A120CDEB306A0DA30097A0D5 /* Project.xcconfig */;
			buildSettings = {
				CODE_SIGN_STYLE = Automatic;
				DEVELOPMENT_TEAM = FT9KDL728H;
				GENERATE_INFOPLIST_FILE = YES;
				MACOSX_DEPLOYMENT_TARGET = 14.0;
				PRODUCT_BUNDLE_IDENTIFIER = dev.foliosuite.TypographyKitTests;
				PRODUCT_NAME = "$(TARGET_NAME)";
				SDKROOT = macosx;
				SWIFT_DEFAULT_ACTOR_ISOLATION = nonisolated;
				SWIFT_VERSION = 6.0;
			};
			name = Release;
		};
/* End XCBuildConfiguration section */

/* Begin XCConfigurationList section */
		A120CDCE306A0BBA0097A0D5 /* Build configuration list for PBXProject "TypographyKit" */ = {
			isa = XCConfigurationList;
			buildConfigurations = (
				A120CDDB306A0BBA0097A0D5 /* Debug configuration for PBXProject "TypographyKit" */,
				A120CDDC306A0BBA0097A0D5 /* Release configuration for PBXProject "TypographyKit" */,
			);
			defaultConfigurationName = Release;
		};
		A120CDDD306A0BBA0097A0D5 /* Build configuration list for PBXNativeTarget "TypographyKit" */ = {
			isa = XCConfigurationList;
			buildConfigurations = (
				A120CDDE306A0BBA0097A0D5 /* Debug configuration for PBXNativeTarget "TypographyKit" */,
				A120CDDF306A0BBA0097A0D5 /* Release configuration for PBXNativeTarget "TypographyKit" */,
			);
			defaultConfigurationName = Release;
		};
		B13000000000000000000009 /* Build configuration list for PBXNativeTarget "TypographyKitTests" */ = {
			isa = XCConfigurationList;
			buildConfigurations = (
				B1300000000000000000000B /* Debug configuration for PBXNativeTarget "TypographyKitTests" */,
				B1300000000000000000000C /* Release configuration for PBXNativeTarget "TypographyKitTests" */,
			);
			defaultConfigurationName = Release;
		};
/* End XCConfigurationList section */
	};
	rootObject = A120CDCB306A0BBA0097A0D5 /* Project object */;
	validationLevel = 1;
}
