// !$*UTF8*$!
{
	archiveVersion = 1;
	classes = {
	};
	objectVersion = 110;
	objects = {

/* Begin PBXBuildFile section */
		2810F80435E8A6207491FE17 /* Defaults in Frameworks */ = {isa = PBXBuildFile; productRef = FE0DE3726C078D1175B1CB56 /* Defaults */; };
		6B5F87042E4FC58FDAC10306 /* Collections in Frameworks */ = {isa = PBXBuildFile; productRef = F8F61DFDA974CC7B4F4F8243 /* Collections */; };
		7C3CA41BB926C3684813FAF7 /* Algorithms in Frameworks */ = {isa = PBXBuildFile; productRef = 361D9D64EC5B1CD68DA8C37B /* Algorithms */; };
		A1641DDE306AD6B6004824F1 /* ComposerKit.framework in Frameworks */ = {isa = PBXBuildFile; fileRef = A1641DDA306AD6B6004824F1 /* ComposerKit.framework */; };
		A1641DE0306AD6B6004824F1 /* FolioKit.framework in Frameworks */ = {isa = PBXBuildFile; fileRef = A1641DDB306AD6B6004824F1 /* FolioKit.framework */; };
		A1641DE2306AD6B6004824F1 /* ResearchKit.framework in Frameworks */ = {isa = PBXBuildFile; fileRef = A1641DDC306AD6B6004824F1 /* ResearchKit.framework */; };
		A1641DE4306AD6B6004824F1 /* WriteKit.framework in Frameworks */ = {isa = PBXBuildFile; fileRef = A1641DDD306AD6B6004824F1 /* WriteKit.framework */; };
		A1CCD310305744DF004B4721 /* ResearchXPCService.xpc in Embed XPC Services */ = {isa = PBXBuildFile; fileRef = A1CCD305305744DF004B4721 /* ResearchXPCService.xpc */; settings = {ATTRIBUTES = (RemoveHeadersOnCopy, ); }; };
		A1CCD32430574594004B4721 /* FolioKit.framework in Frameworks */ = {isa = PBXBuildFile; fileRef = A1F83B183050BBAB00DEB96A /* FolioKit.framework */; };
/* End PBXBuildFile section */

/* Begin PBXContainerItemProxy section */
		A10648AF304DFD5D001A21A6 /* PBXContainerItemProxy */ = {
			isa = PBXContainerItemProxy;
			containerPortal = A106488B304DFD5C001A21A6 /* Project object */;
			proxyType = 1;
			remoteGlobalIDString = A1064892304DFD5C001A21A6;
			remoteInfo = Research;
		};
		A10648B9304DFD5D001A21A6 /* PBXContainerItemProxy */ = {
			isa = PBXContainerItemProxy;
			containerPortal = A106488B304DFD5C001A21A6 /* Project object */;
			proxyType = 1;
			remoteGlobalIDString = A1064892304DFD5C001A21A6;
			remoteInfo = Research;
		};
		A1CCD30E305744DF004B4721 /* PBXContainerItemProxy */ = {
			isa = PBXContainerItemProxy;
			containerPortal = A106488B304DFD5C001A21A6 /* Project object */;
			proxyType = 1;
			remoteGlobalIDString = A1CCD304305744DF004B4721;
			remoteInfo = ResearchXPCService;
		};
/* End PBXContainerItemProxy section */

/* Begin PBXCopyFilesBuildPhase section */
		F01200000000000000000015 /* Embed XPC Services */ = {
			isa = PBXCopyFilesBuildPhase;
			dstPath = "$(CONTENTS_FOLDER_PATH)/XPCServices";
			dstSubfolder = Product;
			files = (
				A1CCD310305744DF004B4721 /* ResearchXPCService.xpc in Embed XPC Services */,
			);
			name = "Embed XPC Services";
		};
/* End PBXCopyFilesBuildPhase section */

/* Begin PBXFileReference section */
		A1064893304DFD5C001A21A6 /* Research.app */ = {isa = PBXFileReference; explicitFileType = wrapper.application; includeInIndex = 0; path = Research.app; sourceTree = BUILT_PRODUCTS_DIR; };
		A10648AE304DFD5D001A21A6 /* ResearchTests.xctest */ = {isa = PBXFileReference; explicitFileType = wrapper.cfbundle; includeInIndex = 0; path = ResearchTests.xctest; sourceTree = BUILT_PRODUCTS_DIR; };
		A10648B8304DFD5D001A21A6 /* ResearchUITests.xctest */ = {isa = PBXFileReference; explicitFileType = wrapper.cfbundle; includeInIndex = 0; path = ResearchUITests.xctest; sourceTree = BUILT_PRODUCTS_DIR; };
		A15AE2BD30572766001B9E7B /* Project.xcconfig */ = {isa = PBXFileReference; lastKnownFileType = text.xcconfig; path = Project.xcconfig; sourceTree = "<group>"; };
		A1641DDA306AD6B6004824F1 /* ComposerKit.framework */ = {isa = PBXFileReference; explicitFileType = wrapper.framework; path = ComposerKit.framework; sourceTree = BUILT_PRODUCTS_DIR; };
		A1641DDB306AD6B6004824F1 /* FolioKit.framework */ = {isa = PBXFileReference; explicitFileType = wrapper.framework; path = FolioKit.framework; sourceTree = BUILT_PRODUCTS_DIR; };
		A1641DDC306AD6B6004824F1 /* ResearchKit.framework */ = {isa = PBXFileReference; explicitFileType = wrapper.framework; path = ResearchKit.framework; sourceTree = BUILT_PRODUCTS_DIR; };
		A1641DDD306AD6B6004824F1 /* WriteKit.framework */ = {isa = PBXFileReference; explicitFileType = wrapper.framework; path = WriteKit.framework; sourceTree = BUILT_PRODUCTS_DIR; };
		A1CCD305305744DF004B4721 /* ResearchXPCService.xpc */ = {isa = PBXFileReference; explicitFileType = "wrapper.xpc-service"; includeInIndex = 0; path = ResearchXPCService.xpc; sourceTree = BUILT_PRODUCTS_DIR; };
		A1F83B183050BBAB00DEB96A /* FolioKit.framework */ = {isa = PBXFileReference; explicitFileType = wrapper.framework; path = FolioKit.framework; sourceTree = BUILT_PRODUCTS_DIR; };
/* End PBXFileReference section */

/* Begin PBXFileSystemSynchronizedBuildFileExceptionSet section */
		A10648C0304DFD5D001A21A6 /* Exceptions for "Research" folder in "Research" target */ = {
			isa = PBXFileSystemSynchronizedBuildFileExceptionSet;
			membershipExceptions = (
				Info.plist,
			);
			target = A1064892304DFD5C001A21A6 /* Research */;
		};
		A1CCD314305744DF004B4721 /* Exceptions for "ResearchXPCService" folder in "ResearchXPCService" target */ = {
			isa = PBXFileSystemSynchronizedBuildFileExceptionSet;
			membershipExceptions = (
				Info.plist,
			);
			target = A1CCD304305744DF004B4721 /* ResearchXPCService */;
		};
/* End PBXFileSystemSynchronizedBuildFileExceptionSet section */

/* Begin PBXFileSystemSynchronizedRootGroup section */
		A1064895304DFD5C001A21A6 /* Research */ = {
			isa = PBXFileSystemSynchronizedRootGroup;
			exceptions = (
				A10648C0304DFD5D001A21A6 /* Exceptions for "Research" folder in "Research" target */,
			);
			path = Research;
			sourceTree = "<group>";
		};
		A10648B1304DFD5D001A21A6 /* ResearchTests */ = {
			isa = PBXFileSystemSynchronizedRootGroup;
			path = ResearchTests;
			sourceTree = "<group>";
		};
		A10648BB304DFD5D001A21A6 /* ResearchUITests */ = {
			isa = PBXFileSystemSynchronizedRootGroup;
			path = ResearchUITests;
			sourceTree = "<group>";
		};
		A1CCD306305744DF004B4721 /* ResearchXPCService */ = {
			isa = PBXFileSystemSynchronizedRootGroup;
			exceptions = (
				A1CCD314305744DF004B4721 /* Exceptions for "ResearchXPCService" folder in "ResearchXPCService" target */,
			);
			path = ResearchXPCService;
			sourceTree = "<group>";
		};
/* End PBXFileSystemSynchronizedRootGroup section */

/* Begin PBXFrameworksBuildPhase section */
		A1064890304DFD5C001A21A6 /* Frameworks */ = {
			isa = PBXFrameworksBuildPhase;
			files = (
				2810F80435E8A6207491FE17 /* Defaults in Frameworks */,
				6B5F87042E4FC58FDAC10306 /* Collections in Frameworks */,
				7C3CA41BB926C3684813FAF7 /* Algorithms in Frameworks */,
				A1641DDE306AD6B6004824F1 /* ComposerKit.framework in Frameworks */,
				A1641DE4306AD6B6004824F1 /* WriteKit.framework in Frameworks */,
				A1641DE0306AD6B6004824F1 /* FolioKit.framework in Frameworks */,
				A1641DE2306AD6B6004824F1 /* ResearchKit.framework in Frameworks */,
			);
		};
		A10648AB304DFD5D001A21A6 /* Frameworks */ = {
			isa = PBXFrameworksBuildPhase;
			files = (
			);
		};
		A10648B5304DFD5D001A21A6 /* Frameworks */ = {
			isa = PBXFrameworksBuildPhase;
			files = (
			);
		};
		A1CCD302305744DF004B4721 /* Frameworks */ = {
			isa = PBXFrameworksBuildPhase;
			files = (
				A1CCD32430574594004B4721 /* FolioKit.framework in Frameworks */,
			);
		};
/* End PBXFrameworksBuildPhase section */

/* Begin PBXGroup section */
		A106488A304DFD5C001A21A6 = {
			isa = PBXGroup;
			children = (
				A1064895304DFD5C001A21A6 /* Research */,
				A10648B1304DFD5D001A21A6 /* ResearchTests */,
				A10648BB304DFD5D001A21A6 /* ResearchUITests */,
				A1CCD306305744DF004B4721 /* ResearchXPCService */,
				A1F83AC33050B83D00DEB96A /* Frameworks */,
				A1064894304DFD5C001A21A6 /* Products */,
				A15AE2BD30572766001B9E7B /* Project.xcconfig */,
			);
			sourceTree = "<group>";
		};
		A1064894304DFD5C001A21A6 /* Products */ = {
			isa = PBXGroup;
			children = (
				A1064893304DFD5C001A21A6 /* Research.app */,
				A10648AE304DFD5D001A21A6 /* ResearchTests.xctest */,
				A10648B8304DFD5D001A21A6 /* ResearchUITests.xctest */,
				A1CCD305305744DF004B4721 /* ResearchXPCService.xpc */,
			);
			name = Products;
			sourceTree = "<group>";
		};
		A1F83AC33050B83D00DEB96A /* Frameworks */ = {
			isa = PBXGroup;
			children = (
				A1641DDA306AD6B6004824F1 /* ComposerKit.framework */,
				A1641DDB306AD6B6004824F1 /* FolioKit.framework */,
				A1641DDC306AD6B6004824F1 /* ResearchKit.framework */,
				A1641DDD306AD6B6004824F1 /* WriteKit.framework */,
				A1F83B183050BBAB00DEB96A /* FolioKit.framework */,
			);
			name = Frameworks;
			sourceTree = "<group>";
		};
/* End PBXGroup section */

/* Begin PBXNativeTarget section */
		A1064892304DFD5C001A21A6 /* Research */ = {
			isa = PBXNativeTarget;
			buildConfigurationList = A10648C1304DFD5D001A21A6 /* Build configuration list for PBXNativeTarget "Research" */;
			buildPhases = (
				F01200000000000000000015 /* Embed XPC Services */,
				D80000000000000000000001 /* Embed standalone Kits */,
				A106488F304DFD5C001A21A6 /* Sources */,
				A1064890304DFD5C001A21A6 /* Frameworks */,
				A1064891304DFD5C001A21A6 /* Resources */,
			);
			buildRules = (
			);
			dependencies = (
				2C3B60F81D7291EFB6DF13D6 /* PBXTargetDependency */,
				A1CCD30F305744DF004B4721 /* PBXTargetDependency */,
			);
			fileSystemSynchronizedGroups = (
				A1064895304DFD5C001A21A6 /* Research */,
			);
			name = Research;
			packageProductDependencies = (
				FE0DE3726C078D1175B1CB56 /* Defaults */,
				F8F61DFDA974CC7B4F4F8243 /* Collections */,
				361D9D64EC5B1CD68DA8C37B /* Algorithms */,
			);
			productName = Research;
			productReference = A1064893304DFD5C001A21A6 /* Research.app */;
			productType = "com.apple.product-type.application";
		};
		A10648AD304DFD5D001A21A6 /* ResearchTests */ = {
			isa = PBXNativeTarget;
			buildConfigurationList = A10648C6304DFD5D001A21A6 /* Build configuration list for PBXNativeTarget "ResearchTests" */;
			buildPhases = (
				A10648AA304DFD5D001A21A6 /* Sources */,
				A10648AB304DFD5D001A21A6 /* Frameworks */,
				A10648AC304DFD5D001A21A6 /* Resources */,
			);
			buildRules = (
			);
			dependencies = (
				FC91F3C019D8CD9ED5565A9B /* PBXTargetDependency */,
				A10648B0304DFD5D001A21A6 /* PBXTargetDependency */,
			);
			fileSystemSynchronizedGroups = (
				A10648B1304DFD5D001A21A6 /* ResearchTests */,
			);
			name = ResearchTests;
			productName = ResearchTests;
			productReference = A10648AE304DFD5D001A21A6 /* ResearchTests.xctest */;
			productType = "com.apple.product-type.bundle.unit-test";
		};
		A10648B7304DFD5D001A21A6 /* ResearchUITests */ = {
			isa = PBXNativeTarget;
			buildConfigurationList = A10648C9304DFD5D001A21A6 /* Build configuration list for PBXNativeTarget "ResearchUITests" */;
			buildPhases = (
				A10648B4304DFD5D001A21A6 /* Sources */,
				A10648B5304DFD5D001A21A6 /* Frameworks */,
				A10648B6304DFD5D001A21A6 /* Resources */,
			);
			buildRules = (
			);
			dependencies = (
				A320D9026FD3B81A355717AE /* PBXTargetDependency */,
				A10648BA304DFD5D001A21A6 /* PBXTargetDependency */,
			);
			fileSystemSynchronizedGroups = (
				A10648BB304DFD5D001A21A6 /* ResearchUITests */,
			);
			name = ResearchUITests;
			productName = ResearchUITests;
			productReference = A10648B8304DFD5D001A21A6 /* ResearchUITests.xctest */;
			productType = "com.apple.product-type.bundle.ui-testing";
		};
		A1CCD304305744DF004B4721 /* ResearchXPCService */ = {
			isa = PBXNativeTarget;
			buildConfigurationList = A1CCD311305744DF004B4721 /* Build configuration list for PBXNativeTarget "ResearchXPCService" */;
			buildPhases = (
				A1CCD301305744DF004B4721 /* Sources */,
				A1CCD302305744DF004B4721 /* Frameworks */,
				A1CCD303305744DF004B4721 /* Resources */,
			);
			buildRules = (
			);
			dependencies = (
				5F6A78B58D753044A4F0FA6E /* PBXTargetDependency */,
			);
			fileSystemSynchronizedGroups = (
				A1CCD306305744DF004B4721 /* ResearchXPCService */,
			);
			name = ResearchXPCService;
			productName = ResearchXPCService;
			productReference = A1CCD305305744DF004B4721 /* ResearchXPCService.xpc */;
			productType = "com.apple.product-type.xpc-service";
		};
/* End PBXNativeTarget section */

/* Begin PBXProject section */
		A106488B304DFD5C001A21A6 /* Project object */ = {
			isa = PBXProject;
			attributes = {
				BuildIndependentTargetsInParallel = 1;
				LastUpgradeCheck = 2700;
				ORGANIZATIONNAME = "the Folio Project";
				TargetAttributes = {
					A1064892304DFD5C001A21A6 = {
						CreatedOnToolsVersion = 26.6;
					};
					A10648AD304DFD5D001A21A6 = {
						CreatedOnToolsVersion = 26.6;
						TestTargetID = A1064892304DFD5C001A21A6;
					};
					A10648B7304DFD5D001A21A6 = {
						CreatedOnToolsVersion = 26.6;
						TestTargetID = A1064892304DFD5C001A21A6;
					};
					A1CCD304305744DF004B4721 = {
						CreatedOnToolsVersion = 26.6;
					};
				};
			};
			buildConfigurationList = A106488E304DFD5C001A21A6 /* Build configuration list for PBXProject "Research" */;
			developmentRegion = en;
			hasScannedForEncodings = 0;
			knownRegions = (
				en,
				Base,
				es,
				fr,
				de,
				ja,
				"zh-Hans",
				"pt-BR",
				"zh-Hant",
				ko,
				it,
				ar,
			);
			mainGroup = A106488A304DFD5C001A21A6;
			minimizedProjectReferenceProxies = 1;
			packageReferences = (
				8238851A50D176EF1283C4E4 /* XCRemoteSwiftPackageReference "Defaults" */,
				6F23A0399AA1D4541CF1E0E6 /* XCRemoteSwiftPackageReference "swift-collections" */,
				90E915C05DDD740A65F1B08A /* XCRemoteSwiftPackageReference "swift-algorithms" */,
				8C2B2309948D976BA7E0EE3F /* XCRemoteSwiftPackageReference "SwiftLintPlugins" */,
			);
			preferredProjectObjectVersion = 110;
			productRefGroup = A1064894304DFD5C001A21A6 /* Products */;
			projectDirPath = "";
			projectRoot = "";
			targets = (
				A1064892304DFD5C001A21A6 /* Research */,
				A10648AD304DFD5D001A21A6 /* ResearchTests */,
				A10648B7304DFD5D001A21A6 /* ResearchUITests */,
				A1CCD304305744DF004B4721 /* ResearchXPCService */,
			);
		};
/* End PBXProject section */

/* Begin PBXResourcesBuildPhase section */
		A1064891304DFD5C001A21A6 /* Resources */ = {
			isa = PBXResourcesBuildPhase;
			files = (
			);
		};
		A10648AC304DFD5D001A21A6 /* Resources */ = {
			isa = PBXResourcesBuildPhase;
			files = (
			);
		};
		A10648B6304DFD5D001A21A6 /* Resources */ = {
			isa = PBXResourcesBuildPhase;
			files = (
			);
		};
		A1CCD303305744DF004B4721 /* Resources */ = {
			isa = PBXResourcesBuildPhase;
			files = (
			);
		};
/* End PBXResourcesBuildPhase section */

/* Begin PBXShellScriptBuildPhase section */
		D80000000000000000000001 /* Embed standalone Kits */ = {
			isa = PBXShellScriptBuildPhase;
			alwaysOutOfDate = 1;
			buildActionMask = 2147483647;
			files = ();
			inputPaths = (
				"$(SRCROOT)/../scripts/embed-standalone-frameworks.sh",
				"$(BUILT_PRODUCTS_DIR)/FolioKit.framework",
				"$(BUILT_PRODUCTS_DIR)/WriteKit.framework",
				"$(BUILT_PRODUCTS_DIR)/ResearchKit.framework",
				"$(BUILT_PRODUCTS_DIR)/ComposerKit.framework",
				"$(BUILT_PRODUCTS_DIR)/UndoKit.framework",
				"$(BUILT_PRODUCTS_DIR)/TypographyKit.framework",
			);
			name = "Embed standalone Kits";
			outputPaths = (
				"$(TARGET_BUILD_DIR)/$(FRAMEWORKS_FOLDER_PATH)/FolioKit.framework",
				"$(TARGET_BUILD_DIR)/$(FRAMEWORKS_FOLDER_PATH)/WriteKit.framework",
				"$(TARGET_BUILD_DIR)/$(FRAMEWORKS_FOLDER_PATH)/ResearchKit.framework",
				"$(TARGET_BUILD_DIR)/$(FRAMEWORKS_FOLDER_PATH)/ComposerKit.framework",
				"$(TARGET_BUILD_DIR)/$(FRAMEWORKS_FOLDER_PATH)/UndoKit.framework",
				"$(TARGET_BUILD_DIR)/$(FRAMEWORKS_FOLDER_PATH)/TypographyKit.framework",
			);
			runOnlyForDeploymentPostprocessing = 0;
			shellPath = /bin/bash;
			shellScript = "\"${SRCROOT}/../scripts/embed-standalone-frameworks.sh\"";
		};
/* End PBXShellScriptBuildPhase section */

/* Begin PBXSourcesBuildPhase section */
		A106488F304DFD5C001A21A6 /* Sources */ = {
			isa = PBXSourcesBuildPhase;
			files = (
			);
		};
		A10648AA304DFD5D001A21A6 /* Sources */ = {
			isa = PBXSourcesBuildPhase;
			files = (
			);
		};
		A10648B4304DFD5D001A21A6 /* Sources */ = {
			isa = PBXSourcesBuildPhase;
			files = (
			);
		};
		A1CCD301305744DF004B4721 /* Sources */ = {
			isa = PBXSourcesBuildPhase;
			files = (
			);
		};
/* End PBXSourcesBuildPhase section */

/* Begin PBXTargetDependency section */
		2C3B60F81D7291EFB6DF13D6 /* PBXTargetDependency */ = {
			isa = PBXTargetDependency;
			productRef = A75EC3037E1CAEB9D6094740 /* SwiftLintBuildToolPlugin */;
		};
		5F6A78B58D753044A4F0FA6E /* PBXTargetDependency */ = {
			isa = PBXTargetDependency;
			productRef = 5816A813ABD7E8AFF71EE770 /* SwiftLintBuildToolPlugin */;
		};
		A10648B0304DFD5D001A21A6 /* PBXTargetDependency */ = {
			isa = PBXTargetDependency;
			target = A1064892304DFD5C001A21A6 /* Research */;
			targetProxy = A10648AF304DFD5D001A21A6 /* PBXContainerItemProxy */;
		};
		A10648BA304DFD5D001A21A6 /* PBXTargetDependency */ = {
			isa = PBXTargetDependency;
			target = A1064892304DFD5C001A21A6 /* Research */;
			targetProxy = A10648B9304DFD5D001A21A6 /* PBXContainerItemProxy */;
		};
		A1CCD30F305744DF004B4721 /* PBXTargetDependency */ = {
			isa = PBXTargetDependency;
			target = A1CCD304305744DF004B4721 /* ResearchXPCService */;
			targetProxy = A1CCD30E305744DF004B4721 /* PBXContainerItemProxy */;
		};
		A320D9026FD3B81A355717AE /* PBXTargetDependency */ = {
			isa = PBXTargetDependency;
			productRef = 40CE0475201E913BD379C942 /* SwiftLintBuildToolPlugin */;
		};
		FC91F3C019D8CD9ED5565A9B /* PBXTargetDependency */ = {
			isa = PBXTargetDependency;
			productRef = DBA246B00348ADA96E33DFB6 /* SwiftLintBuildToolPlugin */;
		};
/* End PBXTargetDependency section */

/* Begin XCBuildConfiguration section */
		A10648C2304DFD5D001A21A6 /* Debug configuration for PBXNativeTarget "Research" */ = {
			isa = XCBuildConfiguration;
			buildSettings = {
				ASSETCATALOG_COMPILER_APPICON_NAME = AppIcon;
				ASSETCATALOG_COMPILER_GLOBAL_ACCENT_COLOR_NAME = AccentColor;
				ASSETCATALOG_COMPILER_INCLUDE_ALL_APPICON_ASSETS = YES;
				AUTOMATION_APPLE_EVENTS = YES;
				CODE_SIGN_STYLE = Automatic;
				COMBINE_HIDPI_IMAGES = YES;
				DEAD_CODE_STRIPPING = YES;
				DEVELOPMENT_TEAM = FT9KDL728H;
				ENABLE_APP_SANDBOX = YES;
				ENABLE_FILE_ACCESS_DOWNLOADS_FOLDER = readwrite;
				ENABLE_FILE_ACCESS_PICTURE_FOLDER = readwrite;
				ENABLE_HARDENED_RUNTIME = YES;
				ENABLE_INCOMING_NETWORK_CONNECTIONS = NO;
				ENABLE_OUTGOING_NETWORK_CONNECTIONS = NO;
				ENABLE_RESOURCE_ACCESS_AUDIO_INPUT = NO;
				ENABLE_RESOURCE_ACCESS_BLUETOOTH = NO;
				ENABLE_RESOURCE_ACCESS_CALENDARS = NO;
				ENABLE_RESOURCE_ACCESS_CAMERA = NO;
				ENABLE_RESOURCE_ACCESS_CONTACTS = NO;
				ENABLE_RESOURCE_ACCESS_LOCATION = NO;
				ENABLE_RESOURCE_ACCESS_PHOTO_LIBRARY = YES;
				ENABLE_RESOURCE_ACCESS_PRINTING = NO;
				ENABLE_RESOURCE_ACCESS_USB = NO;
				ENABLE_USER_SELECTED_FILES = readwrite;
				GENERATE_INFOPLIST_FILE = YES;
				INFOPLIST_FILE = Research/Info.plist;
				INFOPLIST_KEY_CFBundleDisplayName = "Folio Research";
				INFOPLIST_KEY_LSApplicationCategoryType = "public.app-category.productivity";
				INFOPLIST_KEY_NSMainStoryboardFile = Main;
				INFOPLIST_KEY_NSPrincipalClass = NSApplication;
				LD_RUNPATH_SEARCH_PATHS = (
					"$(inherited)",
					"@executable_path/../Frameworks",
				);
				MACOSX_DEPLOYMENT_TARGET = "$(RECOMMENDED_MACOSX_DEPLOYMENT_TARGET)";
				PRODUCT_BUNDLE_IDENTIFIER = dev.foliosuite.Research;
				PRODUCT_NAME = "$(TARGET_NAME)";
				REGISTER_APP_GROUPS = YES;
				RUNTIME_EXCEPTION_ALLOW_DYLD_ENVIRONMENT_VARIABLES = NO;
				RUNTIME_EXCEPTION_ALLOW_JIT = NO;
				RUNTIME_EXCEPTION_ALLOW_UNSIGNED_EXECUTABLE_MEMORY = NO;
				RUNTIME_EXCEPTION_DEBUGGING_TOOL = NO;
				RUNTIME_EXCEPTION_DISABLE_EXECUTABLE_PAGE_PROTECTION = NO;
				RUNTIME_EXCEPTION_DISABLE_LIBRARY_VALIDATION = NO;
				STRING_CATALOG_GENERATE_SYMBOLS = YES;
				SWIFT_EMIT_LOC_STRINGS = YES;
			};
			name = Debug;
		};
		A10648C3304DFD5D001A21A6 /* Release configuration for PBXNativeTarget "Research" */ = {
			isa = XCBuildConfiguration;
			buildSettings = {
				ASSETCATALOG_COMPILER_APPICON_NAME = AppIcon;
				ASSETCATALOG_COMPILER_GLOBAL_ACCENT_COLOR_NAME = AccentColor;
				ASSETCATALOG_COMPILER_INCLUDE_ALL_APPICON_ASSETS = YES;
				AUTOMATION_APPLE_EVENTS = YES;
				CODE_SIGN_STYLE = Automatic;
				COMBINE_HIDPI_IMAGES = YES;
				DEAD_CODE_STRIPPING = YES;
				DEVELOPMENT_TEAM = FT9KDL728H;
				ENABLE_APP_SANDBOX = YES;
				ENABLE_FILE_ACCESS_DOWNLOADS_FOLDER = readwrite;
				ENABLE_FILE_ACCESS_PICTURE_FOLDER = readwrite;
				ENABLE_HARDENED_RUNTIME = YES;
				ENABLE_INCOMING_NETWORK_CONNECTIONS = NO;
				ENABLE_OUTGOING_NETWORK_CONNECTIONS = NO;
				ENABLE_RESOURCE_ACCESS_AUDIO_INPUT = NO;
				ENABLE_RESOURCE_ACCESS_BLUETOOTH = NO;
				ENABLE_RESOURCE_ACCESS_CALENDARS = NO;
				ENABLE_RESOURCE_ACCESS_CAMERA = NO;
				ENABLE_RESOURCE_ACCESS_CONTACTS = NO;
				ENABLE_RESOURCE_ACCESS_LOCATION = NO;
				ENABLE_RESOURCE_ACCESS_PHOTO_LIBRARY = YES;
				ENABLE_RESOURCE_ACCESS_PRINTING = NO;
				ENABLE_RESOURCE_ACCESS_USB = NO;
				ENABLE_USER_SELECTED_FILES = readwrite;
				GENERATE_INFOPLIST_FILE = YES;
				INFOPLIST_FILE = Research/Info.plist;
				INFOPLIST_KEY_CFBundleDisplayName = "Folio Research";
				INFOPLIST_KEY_LSApplicationCategoryType = "public.app-category.productivity";
				INFOPLIST_KEY_NSMainStoryboardFile = Main;
				INFOPLIST_KEY_NSPrincipalClass = NSApplication;
				LD_RUNPATH_SEARCH_PATHS = (
					"$(inherited)",
					"@executable_path/../Frameworks",
				);
				MACOSX_DEPLOYMENT_TARGET = "$(RECOMMENDED_MACOSX_DEPLOYMENT_TARGET)";
				PRODUCT_BUNDLE_IDENTIFIER = dev.foliosuite.Research;
				PRODUCT_NAME = "$(TARGET_NAME)";
				REGISTER_APP_GROUPS = YES;
				RUNTIME_EXCEPTION_ALLOW_DYLD_ENVIRONMENT_VARIABLES = NO;
				RUNTIME_EXCEPTION_ALLOW_JIT = NO;
				RUNTIME_EXCEPTION_ALLOW_UNSIGNED_EXECUTABLE_MEMORY = NO;
				RUNTIME_EXCEPTION_DEBUGGING_TOOL = NO;
				RUNTIME_EXCEPTION_DISABLE_EXECUTABLE_PAGE_PROTECTION = NO;
				RUNTIME_EXCEPTION_DISABLE_LIBRARY_VALIDATION = NO;
				STRING_CATALOG_GENERATE_SYMBOLS = YES;
				SWIFT_EMIT_LOC_STRINGS = YES;
			};
			name = Release;
		};
		A10648C4304DFD5D001A21A6 /* Debug configuration for PBXProject "Research" */ = {
			isa = XCBuildConfiguration;
			baseConfigurationReference = A15AE2BD30572766001B9E7B /* Project.xcconfig */;
			buildSettings = {
				ALWAYS_SEARCH_USER_PATHS = NO;
				ASSETCATALOG_COMPILER_GENERATE_SWIFT_ASSET_SYMBOL_EXTENSIONS = YES;
				CLANG_ANALYZER_LOCALIZABILITY_NONLOCALIZED = YES;
				CLANG_ANALYZER_NONNULL = YES;
				CLANG_ANALYZER_NUMBER_OBJECT_CONVERSION = YES_AGGRESSIVE;
				CLANG_CXX_LANGUAGE_STANDARD = "gnu++20";
				CLANG_ENABLE_MODULES = YES;
				CLANG_ENABLE_OBJC_ARC = YES;
				CLANG_ENABLE_OBJC_WEAK = YES;
				CLANG_WARN_BLOCK_CAPTURE_AUTORELEASING = YES;
				CLANG_WARN_BOOL_CONVERSION = YES;
				CLANG_WARN_COMMA = YES;
				CLANG_WARN_CONSTANT_CONVERSION = YES;
				CLANG_WARN_DEPRECATED_OBJC_IMPLEMENTATIONS = YES;
				CLANG_WARN_DIRECT_OBJC_ISA_USAGE = YES_ERROR;
				CLANG_WARN_DOCUMENTATION_COMMENTS = YES;
				CLANG_WARN_EMPTY_BODY = YES;
				CLANG_WARN_ENUM_CONVERSION = YES;
				CLANG_WARN_INFINITE_RECURSION = YES;
				CLANG_WARN_INT_CONVERSION = YES;
				CLANG_WARN_NON_LITERAL_NULL_CONVERSION = YES;
				CLANG_WARN_OBJC_IMPLICIT_RETAIN_SELF = YES;
				CLANG_WARN_OBJC_LITERAL_CONVERSION = YES;
				CLANG_WARN_OBJC_ROOT_CLASS = YES_ERROR;
				CLANG_WARN_QUOTED_INCLUDE_IN_FRAMEWORK_HEADER = YES;
				CLANG_WARN_RANGE_LOOP_ANALYSIS = YES;
				CLANG_WARN_STRICT_PROTOTYPES = YES;
				CLANG_WARN_SUSPICIOUS_MOVE = YES;
				CLANG_WARN_UNGUARDED_AVAILABILITY = YES_AGGRESSIVE;
				CLANG_WARN_UNREACHABLE_CODE = YES;
				CLANG_WARN__DUPLICATE_METHOD_MATCH = YES;
				COPY_PHASE_STRIP = NO;
				DEAD_CODE_STRIPPING = YES;
				DEBUG_INFORMATION_FORMAT = dwarf;
				DEVELOPMENT_TEAM = FT9KDL728H;
				ENABLE_STRICT_OBJC_MSGSEND = YES;
				ENABLE_TESTABILITY = YES;
				ENABLE_USER_SCRIPT_SANDBOXING = YES;
				GCC_C_LANGUAGE_STANDARD = gnu17;
				GCC_DYNAMIC_NO_PIC = NO;
				GCC_NO_COMMON_BLOCKS = YES;
				GCC_OPTIMIZATION_LEVEL = 0;
				GCC_PREPROCESSOR_DEFINITIONS = (
					"DEBUG=1",
					"$(inherited)",
				);
				GCC_WARN_64_TO_32_BIT_CONVERSION = YES;
				GCC_WARN_ABOUT_RETURN_TYPE = YES_ERROR;
				GCC_WARN_UNDECLARED_SELECTOR = YES;
				GCC_WARN_UNINITIALIZED_AUTOS = YES_AGGRESSIVE;
				GCC_WARN_UNUSED_FUNCTION = YES;
				GCC_WARN_UNUSED_VARIABLE = YES;
				LOCALIZATION_PREFERS_STRING_CATALOGS = YES;
				MTL_ENABLE_DEBUG_INFO = INCLUDE_SOURCE;
				MTL_FAST_MATH = YES;
				ONLY_ACTIVE_ARCH = YES;
				SDKROOT = macosx;
				STRING_CATALOG_GENERATE_SYMBOLS = YES;
				SWIFT_EMIT_LOC_STRINGS = YES;
			};
			name = Debug;
		};
		A10648C5304DFD5D001A21A6 /* Release configuration for PBXProject "Research" */ = {
			isa = XCBuildConfiguration;
			baseConfigurationReference = A15AE2BD30572766001B9E7B /* Project.xcconfig */;
			buildSettings = {
				ALWAYS_SEARCH_USER_PATHS = NO;
				ASSETCATALOG_COMPILER_GENERATE_SWIFT_ASSET_SYMBOL_EXTENSIONS = YES;
				CLANG_ANALYZER_LOCALIZABILITY_NONLOCALIZED = YES;
				CLANG_ANALYZER_NONNULL = YES;
				CLANG_ANALYZER_NUMBER_OBJECT_CONVERSION = YES_AGGRESSIVE;
				CLANG_CXX_LANGUAGE_STANDARD = "gnu++20";
				CLANG_ENABLE_MODULES = YES;
				CLANG_ENABLE_OBJC_ARC = YES;
				CLANG_ENABLE_OBJC_WEAK = YES;
				CLANG_WARN_BLOCK_CAPTURE_AUTORELEASING = YES;
				CLANG_WARN_BOOL_CONVERSION = YES;
				CLANG_WARN_COMMA = YES;
				CLANG_WARN_CONSTANT_CONVERSION = YES;
				CLANG_WARN_DEPRECATED_OBJC_IMPLEMENTATIONS = YES;
				CLANG_WARN_DIRECT_OBJC_ISA_USAGE = YES_ERROR;
				CLANG_WARN_DOCUMENTATION_COMMENTS = YES;
				CLANG_WARN_EMPTY_BODY = YES;
				CLANG_WARN_ENUM_CONVERSION = YES;
				CLANG_WARN_INFINITE_RECURSION = YES;
				CLANG_WARN_INT_CONVERSION = YES;
				CLANG_WARN_NON_LITERAL_NULL_CONVERSION = YES;
				CLANG_WARN_OBJC_IMPLICIT_RETAIN_SELF = YES;
				CLANG_WARN_OBJC_LITERAL_CONVERSION = YES;
				CLANG_WARN_OBJC_ROOT_CLASS = YES_ERROR;
				CLANG_WARN_QUOTED_INCLUDE_IN_FRAMEWORK_HEADER = YES;
				CLANG_WARN_RANGE_LOOP_ANALYSIS = YES;
				CLANG_WARN_STRICT_PROTOTYPES = YES;
				CLANG_WARN_SUSPICIOUS_MOVE = YES;
				CLANG_WARN_UNGUARDED_AVAILABILITY = YES_AGGRESSIVE;
				CLANG_WARN_UNREACHABLE_CODE = YES;
				CLANG_WARN__DUPLICATE_METHOD_MATCH = YES;
				COPY_PHASE_STRIP = NO;
				DEAD_CODE_STRIPPING = YES;
				DEBUG_INFORMATION_FORMAT = "dwarf-with-dsym";
				DEVELOPMENT_TEAM = FT9KDL728H;
				ENABLE_NS_ASSERTIONS = NO;
				ENABLE_STRICT_OBJC_MSGSEND = YES;
				ENABLE_USER_SCRIPT_SANDBOXING = YES;
				GCC_C_LANGUAGE_STANDARD = gnu17;
				GCC_NO_COMMON_BLOCKS = YES;
				GCC_WARN_64_TO_32_BIT_CONVERSION = YES;
				GCC_WARN_ABOUT_RETURN_TYPE = YES_ERROR;
				GCC_WARN_UNDECLARED_SELECTOR = YES;
				GCC_WARN_UNINITIALIZED_AUTOS = YES_AGGRESSIVE;
				GCC_WARN_UNUSED_FUNCTION = YES;
				GCC_WARN_UNUSED_VARIABLE = YES;
				LOCALIZATION_PREFERS_STRING_CATALOGS = YES;
				MTL_ENABLE_DEBUG_INFO = NO;
				MTL_FAST_MATH = YES;
				SDKROOT = macosx;
				STRING_CATALOG_GENERATE_SYMBOLS = YES;
				SWIFT_EMIT_LOC_STRINGS = YES;
			};
			name = Release;
		};
		A10648C7304DFD5D001A21A6 /* Debug configuration for PBXNativeTarget "ResearchTests" */ = {
			isa = XCBuildConfiguration;
			buildSettings = {
				BUNDLE_LOADER = "$(TEST_HOST)";
				CODE_SIGN_STYLE = Automatic;
				DEAD_CODE_STRIPPING = YES;
				DEVELOPMENT_TEAM = FT9KDL728H;
				GENERATE_INFOPLIST_FILE = YES;
				MACOSX_DEPLOYMENT_TARGET = "$(RECOMMENDED_MACOSX_DEPLOYMENT_TARGET)";
				PRODUCT_BUNDLE_IDENTIFIER = dev.foliosuite.ResearchTests;
				PRODUCT_NAME = "$(TARGET_NAME)";
				STRING_CATALOG_GENERATE_SYMBOLS = NO;
				SWIFT_EMIT_LOC_STRINGS = NO;
				TEST_HOST = "$(BUILT_PRODUCTS_DIR)/Research.app/$(BUNDLE_EXECUTABLE_FOLDER_PATH)/Research";
			};
			name = Debug;
		};
		A10648C8304DFD5D001A21A6 /* Release configuration for PBXNativeTarget "ResearchTests" */ = {
			isa = XCBuildConfiguration;
			buildSettings = {
				BUNDLE_LOADER = "$(TEST_HOST)";
				CODE_SIGN_STYLE = Automatic;
				DEAD_CODE_STRIPPING = YES;
				DEVELOPMENT_TEAM = FT9KDL728H;
				GENERATE_INFOPLIST_FILE = YES;
				MACOSX_DEPLOYMENT_TARGET = "$(RECOMMENDED_MACOSX_DEPLOYMENT_TARGET)";
				PRODUCT_BUNDLE_IDENTIFIER = dev.foliosuite.ResearchTests;
				PRODUCT_NAME = "$(TARGET_NAME)";
				STRING_CATALOG_GENERATE_SYMBOLS = NO;
				SWIFT_EMIT_LOC_STRINGS = NO;
				TEST_HOST = "$(BUILT_PRODUCTS_DIR)/Research.app/$(BUNDLE_EXECUTABLE_FOLDER_PATH)/Research";
			};
			name = Release;
		};
		A10648CA304DFD5D001A21A6 /* Debug configuration for PBXNativeTarget "ResearchUITests" */ = {
			isa = XCBuildConfiguration;
			buildSettings = {
				CODE_SIGN_STYLE = Automatic;
				DEAD_CODE_STRIPPING = YES;
				DEVELOPMENT_TEAM = FT9KDL728H;
				GENERATE_INFOPLIST_FILE = YES;
				MACOSX_DEPLOYMENT_TARGET = "$(RECOMMENDED_MACOSX_DEPLOYMENT_TARGET)";
				PRODUCT_BUNDLE_IDENTIFIER = dev.foliosuite.ResearchUITests;
				PRODUCT_NAME = "$(TARGET_NAME)";
				STRING_CATALOG_GENERATE_SYMBOLS = NO;
				SWIFT_EMIT_LOC_STRINGS = NO;
				TEST_TARGET_NAME = Research;
			};
			name = Debug;
		};
		A10648CB304DFD5D001A21A6 /* Release configuration for PBXNativeTarget "ResearchUITests" */ = {
			isa = XCBuildConfiguration;
			buildSettings = {
				CODE_SIGN_STYLE = Automatic;
				DEAD_CODE_STRIPPING = YES;
				DEVELOPMENT_TEAM = FT9KDL728H;
				GENERATE_INFOPLIST_FILE = YES;
				MACOSX_DEPLOYMENT_TARGET = "$(RECOMMENDED_MACOSX_DEPLOYMENT_TARGET)";
				PRODUCT_BUNDLE_IDENTIFIER = dev.foliosuite.ResearchUITests;
				PRODUCT_NAME = "$(TARGET_NAME)";
				STRING_CATALOG_GENERATE_SYMBOLS = NO;
				SWIFT_EMIT_LOC_STRINGS = NO;
				TEST_TARGET_NAME = Research;
			};
			name = Release;
		};
		A1CCD312305744DF004B4721 /* Debug configuration for PBXNativeTarget "ResearchXPCService" */ = {
			isa = XCBuildConfiguration;
			buildSettings = {
				CODE_SIGN_STYLE = Automatic;
				COMBINE_HIDPI_IMAGES = YES;
				DEAD_CODE_STRIPPING = YES;
				DEVELOPMENT_TEAM = FT9KDL728H;
				ENABLE_APP_SANDBOX = YES;
				ENABLE_HARDENED_RUNTIME = YES;
				GENERATE_INFOPLIST_FILE = YES;
				INFOPLIST_FILE = ResearchXPCService/Info.plist;
				INFOPLIST_KEY_CFBundleDisplayName = ResearchXPCService;
				LD_RUNPATH_SEARCH_PATHS = (
					"$(inherited)",
					"@executable_path/../../../../Frameworks",
					);
				MACOSX_DEPLOYMENT_TARGET = "$(RECOMMENDED_MACOSX_DEPLOYMENT_TARGET)";
				PRODUCT_BUNDLE_IDENTIFIER = dev.foliosuite.ResearchXPCService;
				PRODUCT_NAME = "$(TARGET_NAME)";
				REGISTER_APP_GROUPS = YES;
				SKIP_INSTALL = YES;
				STRING_CATALOG_GENERATE_SYMBOLS = YES;
				SWIFT_EMIT_LOC_STRINGS = YES;
			};
			name = Debug;
		};
		A1CCD313305744DF004B4721 /* Release configuration for PBXNativeTarget "ResearchXPCService" */ = {
			isa = XCBuildConfiguration;
			buildSettings = {
				CODE_SIGN_STYLE = Automatic;
				COMBINE_HIDPI_IMAGES = YES;
				DEAD_CODE_STRIPPING = YES;
				DEVELOPMENT_TEAM = FT9KDL728H;
				ENABLE_APP_SANDBOX = YES;
				ENABLE_HARDENED_RUNTIME = YES;
				GENERATE_INFOPLIST_FILE = YES;
				INFOPLIST_FILE = ResearchXPCService/Info.plist;
				INFOPLIST_KEY_CFBundleDisplayName = ResearchXPCService;
				LD_RUNPATH_SEARCH_PATHS = (
					"$(inherited)",
					"@executable_path/../../../../Frameworks",
					);
				MACOSX_DEPLOYMENT_TARGET = "$(RECOMMENDED_MACOSX_DEPLOYMENT_TARGET)";
				PRODUCT_BUNDLE_IDENTIFIER = dev.foliosuite.ResearchXPCService;
				PRODUCT_NAME = "$(TARGET_NAME)";
				REGISTER_APP_GROUPS = YES;
				SKIP_INSTALL = YES;
				STRING_CATALOG_GENERATE_SYMBOLS = YES;
				SWIFT_EMIT_LOC_STRINGS = YES;
			};
			name = Release;
		};
/* End XCBuildConfiguration section */

/* Begin XCConfigurationList section */
		A106488E304DFD5C001A21A6 /* Build configuration list for PBXProject "Research" */ = {
			isa = XCConfigurationList;
			buildConfigurations = (
				A10648C4304DFD5D001A21A6 /* Debug configuration for PBXProject "Research" */,
				A10648C5304DFD5D001A21A6 /* Release configuration for PBXProject "Research" */,
			);
			defaultConfigurationName = Release;
		};
		A10648C1304DFD5D001A21A6 /* Build configuration list for PBXNativeTarget "Research" */ = {
			isa = XCConfigurationList;
			buildConfigurations = (
				A10648C2304DFD5D001A21A6 /* Debug configuration for PBXNativeTarget "Research" */,
				A10648C3304DFD5D001A21A6 /* Release configuration for PBXNativeTarget "Research" */,
			);
			defaultConfigurationName = Release;
		};
		A10648C6304DFD5D001A21A6 /* Build configuration list for PBXNativeTarget "ResearchTests" */ = {
			isa = XCConfigurationList;
			buildConfigurations = (
				A10648C7304DFD5D001A21A6 /* Debug configuration for PBXNativeTarget "ResearchTests" */,
				A10648C8304DFD5D001A21A6 /* Release configuration for PBXNativeTarget "ResearchTests" */,
			);
			defaultConfigurationName = Release;
		};
		A10648C9304DFD5D001A21A6 /* Build configuration list for PBXNativeTarget "ResearchUITests" */ = {
			isa = XCConfigurationList;
			buildConfigurations = (
				A10648CA304DFD5D001A21A6 /* Debug configuration for PBXNativeTarget "ResearchUITests" */,
				A10648CB304DFD5D001A21A6 /* Release configuration for PBXNativeTarget "ResearchUITests" */,
			);
			defaultConfigurationName = Release;
		};
		A1CCD311305744DF004B4721 /* Build configuration list for PBXNativeTarget "ResearchXPCService" */ = {
			isa = XCConfigurationList;
			buildConfigurations = (
				A1CCD312305744DF004B4721 /* Debug configuration for PBXNativeTarget "ResearchXPCService" */,
				A1CCD313305744DF004B4721 /* Release configuration for PBXNativeTarget "ResearchXPCService" */,
			);
			defaultConfigurationName = Release;
		};
/* End XCConfigurationList section */

/* Begin XCRemoteSwiftPackageReference section */
		6F23A0399AA1D4541CF1E0E6 /* XCRemoteSwiftPackageReference "swift-collections" */ = {
			isa = XCRemoteSwiftPackageReference;
			repositoryURL = "https://github.com/apple/swift-collections";
			requirement = {
				kind = exactVersion;
				version = 1.7.1;
			};
		};
		8238851A50D176EF1283C4E4 /* XCRemoteSwiftPackageReference "Defaults" */ = {
			isa = XCRemoteSwiftPackageReference;
			repositoryURL = "https://github.com/sindresorhus/Defaults";
			requirement = {
				kind = exactVersion;
				version = 9.0.9;
			};
		};
		8C2B2309948D976BA7E0EE3F /* XCRemoteSwiftPackageReference "SwiftLintPlugins" */ = {
			isa = XCRemoteSwiftPackageReference;
			repositoryURL = "https://github.com/SimplyDanny/SwiftLintPlugins";
			requirement = {
				kind = exactVersion;
				version = 0.65.1;
			};
		};
		90E915C05DDD740A65F1B08A /* XCRemoteSwiftPackageReference "swift-algorithms" */ = {
			isa = XCRemoteSwiftPackageReference;
			repositoryURL = "https://github.com/apple/swift-algorithms";
			requirement = {
				kind = exactVersion;
				version = 1.2.1;
			};
		};
/* End XCRemoteSwiftPackageReference section */

/* Begin XCSwiftPackageProductDependency section */
		361D9D64EC5B1CD68DA8C37B /* Algorithms */ = {
			isa = XCSwiftPackageProductDependency;
			package = 90E915C05DDD740A65F1B08A /* XCRemoteSwiftPackageReference "swift-algorithms" */;
			productName = Algorithms;
		};
		40CE0475201E913BD379C942 /* SwiftLintBuildToolPlugin */ = {
			isa = XCSwiftPackageProductDependency;
			package = 8C2B2309948D976BA7E0EE3F /* XCRemoteSwiftPackageReference "SwiftLintPlugins" */;
			productName = "plugin:SwiftLintBuildToolPlugin";
		};
		5816A813ABD7E8AFF71EE770 /* SwiftLintBuildToolPlugin */ = {
			isa = XCSwiftPackageProductDependency;
			package = 8C2B2309948D976BA7E0EE3F /* XCRemoteSwiftPackageReference "SwiftLintPlugins" */;
			productName = "plugin:SwiftLintBuildToolPlugin";
		};
		A75EC3037E1CAEB9D6094740 /* SwiftLintBuildToolPlugin */ = {
			isa = XCSwiftPackageProductDependency;
			package = 8C2B2309948D976BA7E0EE3F /* XCRemoteSwiftPackageReference "SwiftLintPlugins" */;
			productName = "plugin:SwiftLintBuildToolPlugin";
		};
		DBA246B00348ADA96E33DFB6 /* SwiftLintBuildToolPlugin */ = {
			isa = XCSwiftPackageProductDependency;
			package = 8C2B2309948D976BA7E0EE3F /* XCRemoteSwiftPackageReference "SwiftLintPlugins" */;
			productName = "plugin:SwiftLintBuildToolPlugin";
		};
		F8F61DFDA974CC7B4F4F8243 /* Collections */ = {
			isa = XCSwiftPackageProductDependency;
			package = 6F23A0399AA1D4541CF1E0E6 /* XCRemoteSwiftPackageReference "swift-collections" */;
			productName = Collections;
		};
		FE0DE3726C078D1175B1CB56 /* Defaults */ = {
			isa = XCSwiftPackageProductDependency;
			package = 8238851A50D176EF1283C4E4 /* XCRemoteSwiftPackageReference "Defaults" */;
			productName = Defaults;
		};
/* End XCSwiftPackageProductDependency section */
	};
	rootObject = A106488B304DFD5C001A21A6 /* Project object */;
}
